<?xml version="1.0" encoding="utf-8"?>
<Project ToolsVersion="4.0" xmlns="http://schemas.microsoft.com/developer/msbuild/2003">
  <ItemGroup>
    <ClCompile Include="src\ofApp.cpp">
      <Filter>src</Filter>
    </ClCompile>
    <ClCompile Include="src\main.cpp">
      <Filter>src</Filter>
    </ClCompile>
    <ClCompile Include="src\main.cpp">
      <Filter>src</Filter>
    </ClCompile>
    <ClCompile Include="src\ofApp.cpp">
      <Filter>src</Filter>
    </ClCompile>
    <ClCompile Include="..\..\..\addons\ofxAudioFile-master\src\ofxAudioFile.cpp">
      <Filter>addons\ofxAudioFile-master\src</Filter>
    </ClCompile>
    <ClCompile Include="..\..\..\addons\ofxDatGui-1.3.0\src\core\ofxDatGuiComponent.cpp">
      <Filter>addons\ofxDatGui-1.3.0\src\core</Filter>
    </ClCompile>
    <ClCompile Include="..\..\..\addons\ofxDatGui-1.3.0\src\libs\ofxSmartFont\ofxSmartFont.cpp">
      <Filter>addons\ofxDatGui-1.3.0\src\libs\ofxSmartFont</Filter>
    </ClCompile>
    <ClCompile Include="..\..\..\addons\ofxDatGui-1.3.0\src\ofxDatGui.cpp">
      <Filter>addons\ofxDatGui-1.3.0\src</Filter>
    </ClCompile>
    <ClCompile Include="..\..\..\addons\ofxMidi-master\src\desktop\ofxRtMidiIn.cpp">
      <Filter>addons\ofxMidi-master\src\desktop</Filter>
    </ClCompile>
    <ClCompile Include="..\..\..\addons\ofxMidi-master\src\desktop\ofxRtMidiOut.cpp">
      <Filter>addons\ofxMidi-master\src\desktop</Filter>
    </ClCompile>
    <ClCompile Include="..\..\..\addons\ofxMidi-master\src\ofxBaseMidi.cpp">
      <Filter>addons\ofxMidi-master\src</Filter>
    </ClCompile>
    <ClCompile Include="..\..\..\addons\ofxMidi-master\src\ofxMidi.cpp">
      <Filter>addons\ofxMidi-master\src</Filter>
    </ClCompile>
    <ClCompile Include="..\..\..\addons\ofxMidi-master\src\ofxMidiClock.cpp">
      <Filter>addons\ofxMidi-master\src</Filter>
    </ClCompile>
    <ClCompile Include="..\..\..\addons\ofxMidi-master\src\ofxMidiIn.cpp">
      <Filter>addons\ofxMidi-master\src</Filter>
    </ClCompile>
    <ClCompile Include="..\..\..\addons\ofxMidi-master\src\ofxMidiMessage.cpp">
      <Filter>addons\ofxMidi-master\src</Filter>
    </ClCompile>
    <ClCompile Include="..\..\..\addons\ofxMidi-master\src\ofxMidiOut.cpp">
      <Filter>addons\ofxMidi-master\src</Filter>
    </ClCompile>
    <ClCompile Include="..\..\..\addons\ofxMidi-master\src\ofxMidiTimecode.cpp">
      <Filter>addons\ofxMidi-master\src</Filter>
    </ClCompile>
    <ClCompile Include="..\..\..\addons\ofxMidi-master\libs\rtmidi\RtMidi.cpp">
      <Filter>addons\ofxMidi-master\libs\rtmidi</Filter>
    </ClCompile>
    <ClCompile Include="..\..\..\addons\ofxOsc\src\ofxOscBundle.cpp">
      <Filter>addons\ofxOsc\src</Filter>
    </ClCompile>
    <ClCompile Include="..\..\..\addons\ofxOsc\src\ofxOscMessage.cpp">
      <Filter>addons\ofxOsc\src</Filter>
    </ClCompile>
    <ClCompile Include="..\..\..\addons\ofxOsc\src\ofxOscParameterSync.cpp">
      <Filter>addons\ofxOsc\src</Filter>
    </ClCompile>
    <ClCompile Include="..\..\..\addons\ofxOsc\src\ofxOscReceiver.cpp">
      <Filter>addons\ofxOsc\src</Filter>
    </ClCompile>
    <ClCompile Include="..\..\..\addons\ofxOsc\src\ofxOscSender.cpp">
      <Filter>addons\ofxOsc\src</Filter>
    </ClCompile>
    <ClCompile Include="..\..\..\addons\ofxOsc\libs\oscpack\src\ip\IpEndpointName.cpp">
      <Filter>addons\ofxOsc\libs\oscpack\src\ip</Filter>
    </ClCompile>
    <ClCompile Include="..\..\..\addons\ofxOsc\libs\oscpack\src\ip\win32\NetworkingUtils.cpp">
      <Filter>addons\ofxOsc\libs\oscpack\src\ip\win32</Filter>
    </ClCompile>
    <ClCompile Include="..\..\..\addons\ofxOsc\libs\oscpack\src\ip\win32\UdpSocket.cpp">
      <Filter>addons\ofxOsc\libs\oscpack\src\ip\win32</Filter>
    </ClCompile>
    <ClCompile Include="..\..\..\addons\ofxOsc\libs\oscpack\src\osc\OscOutboundPacketStream.cpp">
      <Filter>addons\ofxOsc\libs\oscpack\src\osc</Filter>
    </ClCompile>
    <ClCompile Include="..\..\..\addons\ofxOsc\libs\oscpack\src\osc\OscPrintReceivedElements.cpp">
      <Filter>addons\ofxOsc\libs\oscpack\src\osc</Filter>
    </ClCompile>
    <ClCompile Include="..\..\..\addons\ofxOsc\libs\oscpack\src\osc\OscReceivedElements.cpp">
      <Filter>addons\ofxOsc\libs\oscpack\src\osc</Filter>
    </ClCompile>
    <ClCompile Include="..\..\..\addons\ofxOsc\libs\oscpack\src\osc\OscTypes.cpp">
      <Filter>addons\ofxOsc\libs\oscpack\src\osc</Filter>
    </ClCompile>
    <ClCompile Include="..\..\..\addons\ofxPDSP-master\src\DSP\control\SequencerBridge.cpp">
      <Filter>addons\ofxPDSP-master\src\DSP\control</Filter>
    </ClCompile>
    <ClCompile Include="..\..\..\addons\ofxPDSP-master\src\DSP\control\SequencerGateOutput.cpp">
      <Filter>addons\ofxPDSP-master\src\DSP\control</Filter>
    </ClCompile>
    <ClCompile Include="..\..\..\addons\ofxPDSP-master\src\DSP\control\SequencerValueOutput.cpp">
      <Filter>addons\ofxPDSP-master\src\DSP\control</Filter>
    </ClCompile>
    <ClCompile Include="..\..\..\addons\ofxPDSP-master\src\DSP\control\ToGateTrigger.cpp">
      <Filter>addons\ofxPDSP-master\src\DSP\control</Filter>
    </ClCompile>
    <ClCompile Include="..\..\..\addons\ofxPDSP-master\src\DSP\control\TriggerControl.cpp">
      <Filter>addons\ofxPDSP-master\src\DSP\control</Filter>
    </ClCompile>
    <ClCompile Include="..\..\..\addons\ofxPDSP-master\src\DSP\control\TriggerGeiger.cpp">
      <Filter>addons\ofxPDSP-master\src\DSP\control</Filter>
    </ClCompile>
    <ClCompile Include="..\..\..\addons\ofxPDSP-master\src\DSP\control\ValueControl.cpp">
      <Filter>addons\ofxPDSP-master\src\DSP\control</Filter>
    </ClCompile>
    <ClCompile Include="..\..\..\addons\ofxPDSP-master\src\DSP\convolution\FDLConvolver.cpp">
      <Filter>addons\ofxPDSP-master\src\DSP\convolution</Filter>
    </ClCompile>
    <ClCompile Include="..\..\..\addons\ofxPDSP-master\src\DSP\core\Amp.cpp">
      <Filter>addons\ofxPDSP-master\src\DSP\core</Filter>
    </ClCompile>
    <ClCompile Include="..\..\..\addons\ofxPDSP-master\src\DSP\core\BasicNodes.cpp">
      <Filter>addons\ofxPDSP-master\src\DSP\core</Filter>
    </ClCompile>
    <ClCompile Include="..\..\..\addons\ofxPDSP-master\src\DSP\core\BufferShell.cpp">
      <Filter>addons\ofxPDSP-master\src\DSP\core</Filter>
    </ClCompile>
    <ClCompile Include="..\..\..\addons\ofxPDSP-master\src\DSP\core\ExternalInput.cpp">
      <Filter>addons\ofxPDSP-master\src\DSP\core</Filter>
    </ClCompile>
    <ClCompile Include="..\..\..\addons\ofxPDSP-master\src\DSP\core\Formula.cpp">
      <Filter>addons\ofxPDSP-master\src\DSP\core</Filter>
    </ClCompile>
    <ClCompile Include="..\..\..\addons\ofxPDSP-master\src\DSP\core\leftSum.cpp">
      <Filter>addons\ofxPDSP-master\src\DSP\core</Filter>
    </ClCompile>
    <ClCompile Include="..\..\..\addons\ofxPDSP-master\src\DSP\core\operators.cpp">
      <Filter>addons\ofxPDSP-master\src\DSP\core</Filter>
    </ClCompile>
    <ClCompile Include="..\..\..\addons\ofxPDSP-master\src\DSP\core\PatchNode.cpp">
      <Filter>addons\ofxPDSP-master\src\DSP\core</Filter>
    </ClCompile>
    <ClCompile Include="..\..\..\addons\ofxPDSP-master\src\DSP\core\Preparable.cpp">
      <Filter>addons\ofxPDSP-master\src\DSP\core</Filter>
    </ClCompile>
    <ClCompile Include="..\..\..\addons\ofxPDSP-master\src\DSP\core\Processor.cpp">
      <Filter>addons\ofxPDSP-master\src\DSP\core</Filter>
    </ClCompile>
    <ClCompile Include="..\..\..\addons\ofxPDSP-master\src\DSP\core\Switch.cpp">
      <Filter>addons\ofxPDSP-master\src\DSP\core</Filter>
    </ClCompile>
    <ClCompile Include="..\..\..\addons\ofxPDSP-master\src\DSP\delays\AllPassDelay.cpp">
      <Filter>addons\ofxPDSP-master\src\DSP\delays</Filter>
    </ClCompile>
    <ClCompile Include="..\..\..\addons\ofxPDSP-master\src\DSP\delays\Delay.cpp">
      <Filter>addons\ofxPDSP-master\src\DSP\delays</Filter>
    </ClCompile>
    <ClCompile Include="..\..\..\addons\ofxPDSP-master\src\DSP\delays\SRDelay.cpp">
      <Filter>addons\ofxPDSP-master\src\DSP\delays</Filter>
    </ClCompile>
    <ClCompile Include="..\..\..\addons\ofxPDSP-master\src\DSP\dynamics\AbsoluteValue.cpp">
      <Filter>addons\ofxPDSP-master\src\DSP\dynamics</Filter>
    </ClCompile>
    <ClCompile Include="..\..\..\addons\ofxPDSP-master\src\DSP\dynamics\EnvelopeFollower.cpp">
      <Filter>addons\ofxPDSP-master\src\DSP\dynamics</Filter>
    </ClCompile>
    <ClCompile Include="..\..\..\addons\ofxPDSP-master\src\DSP\dynamics\GainComputer.cpp">
      <Filter>addons\ofxPDSP-master\src\DSP\dynamics</Filter>
    </ClCompile>
    <ClCompile Include="..\..\..\addons\ofxPDSP-master\src\DSP\dynamics\LHDelay.cpp">
      <Filter>addons\ofxPDSP-master\src\DSP\dynamics</Filter>
    </ClCompile>
    <ClCompile Include="..\..\..\addons\ofxPDSP-master\src\DSP\dynamics\PositiveValue.cpp">
      <Filter>addons\ofxPDSP-master\src\DSP\dynamics</Filter>
    </ClCompile>
    <ClCompile Include="..\..\..\addons\ofxPDSP-master\src\DSP\dynamics\RMSDetector.cpp">
      <Filter>addons\ofxPDSP-master\src\DSP\dynamics</Filter>
    </ClCompile>
    <ClCompile Include="..\..\..\addons\ofxPDSP-master\src\DSP\dynamics\SquarePeakDetector.cpp">
      <Filter>addons\ofxPDSP-master\src\DSP\dynamics</Filter>
    </ClCompile>
    <ClCompile Include="..\..\..\addons\ofxPDSP-master\src\DSP\envelopes\ADSR.cpp">
      <Filter>addons\ofxPDSP-master\src\DSP\envelopes</Filter>
    </ClCompile>
    <ClCompile Include="..\..\..\addons\ofxPDSP-master\src\DSP\envelopes\AHR.cpp">
      <Filter>addons\ofxPDSP-master\src\DSP\envelopes</Filter>
    </ClCompile>
    <ClCompile Include="..\..\..\addons\ofxPDSP-master\src\DSP\envelopes\stages\EnvelopeStage.cpp">
      <Filter>addons\ofxPDSP-master\src\DSP\envelopes\stages</Filter>
    </ClCompile>
    <ClCompile Include="..\..\..\addons\ofxPDSP-master\src\DSP\filters\APF1.cpp">
      <Filter>addons\ofxPDSP-master\src\DSP\filters</Filter>
    </ClCompile>
    <ClCompile Include="..\..\..\addons\ofxPDSP-master\src\DSP\filters\APF4.cpp">
      <Filter>addons\ofxPDSP-master\src\DSP\filters</Filter>
    </ClCompile>
    <ClCompile Include="..\..\..\addons\ofxPDSP-master\src\DSP\filters\biquads\BiquadAPF2.cpp">
      <Filter>addons\ofxPDSP-master\src\DSP\filters\biquads</Filter>
    </ClCompile>
    <ClCompile Include="..\..\..\addons\ofxPDSP-master\src\DSP\filters\biquads\BiquadBase.cpp">
      <Filter>addons\ofxPDSP-master\src\DSP\filters\biquads</Filter>
    </ClCompile>
    <ClCompile Include="..\..\..\addons\ofxPDSP-master\src\DSP\filters\biquads\BiquadBPF2.cpp">
      <Filter>addons\ofxPDSP-master\src\DSP\filters\biquads</Filter>
    </ClCompile>
    <ClCompile Include="..\..\..\addons\ofxPDSP-master\src\DSP\filters\biquads\BiquadHighShelf.cpp">
      <Filter>addons\ofxPDSP-master\src\DSP\filters\biquads</Filter>
    </ClCompile>
    <ClCompile Include="..\..\..\addons\ofxPDSP-master\src\DSP\filters\biquads\BiquadHPF2.cpp">
      <Filter>addons\ofxPDSP-master\src\DSP\filters\biquads</Filter>
    </ClCompile>
    <ClCompile Include="..\..\..\addons\ofxPDSP-master\src\DSP\filters\biquads\BiquadLowShelf.cpp">
      <Filter>addons\ofxPDSP-master\src\DSP\filters\biquads</Filter>
    </ClCompile>
    <ClCompile Include="..\..\..\addons\ofxPDSP-master\src\DSP\filters\biquads\BiquadLPF2.cpp">
      <Filter>addons\ofxPDSP-master\src\DSP\filters\biquads</Filter>
    </ClCompile>
    <ClCompile Include="..\..\..\addons\ofxPDSP-master\src\DSP\filters\biquads\BiquadNotch2.cpp">
      <Filter>addons\ofxPDSP-master\src\DSP\filters\biquads</Filter>
    </ClCompile>
    <ClCompile Include="..\..\..\addons\ofxPDSP-master\src\DSP\filters\biquads\BiquadPeakEQ.cpp">
      <Filter>addons\ofxPDSP-master\src\DSP\filters\biquads</Filter>
    </ClCompile>
    <ClCompile Include="..\..\..\addons\ofxPDSP-master\src\DSP\filters\MultiLadder4.cpp">
      <Filter>addons\ofxPDSP-master\src\DSP\filters</Filter>
    </ClCompile>
    <ClCompile Include="..\..\..\addons\ofxPDSP-master\src\DSP\filters\OnePole.cpp">
      <Filter>addons\ofxPDSP-master\src\DSP\filters</Filter>
    </ClCompile>
    <ClCompile Include="..\..\..\addons\ofxPDSP-master\src\DSP\filters\SVF2.cpp">
      <Filter>addons\ofxPDSP-master\src\DSP\filters</Filter>
    </ClCompile>
    <ClCompile Include="..\..\..\addons\ofxPDSP-master\src\DSP\helpers\FFTWorker.cpp">
      <Filter>addons\ofxPDSP-master\src\DSP\helpers</Filter>
    </ClCompile>
    <ClCompile Include="..\..\..\addons\ofxPDSP-master\src\DSP\helpers\UsesSlew.cpp">
      <Filter>addons\ofxPDSP-master\src\DSP\helpers</Filter>
    </ClCompile>
    <ClCompile Include="..\..\..\addons\ofxPDSP-master\src\DSP\oscillators\antialiased\BLEP\BLEPBased.cpp">
      <Filter>addons\ofxPDSP-master\src\DSP\oscillators\antialiased\BLEP</Filter>
    </ClCompile>
    <ClCompile Include="..\..\..\addons\ofxPDSP-master\src\DSP\oscillators\antialiased\BLEP\BLEPTable.cpp">
      <Filter>addons\ofxPDSP-master\src\DSP\oscillators\antialiased\BLEP</Filter>
    </ClCompile>
    <ClCompile Include="..\..\..\addons\ofxPDSP-master\src\DSP\oscillators\antialiased\BLEPSaw.cpp">
      <Filter>addons\ofxPDSP-master\src\DSP\oscillators\antialiased</Filter>
    </ClCompile>
    <ClCompile Include="..\..\..\addons\ofxPDSP-master\src\DSP\oscillators\antialiased\DPWTri.cpp">
      <Filter>addons\ofxPDSP-master\src\DSP\oscillators\antialiased</Filter>
    </ClCompile>
    <ClCompile Include="..\..\..\addons\ofxPDSP-master\src\DSP\oscillators\base\Oscillator.cpp">
      <Filter>addons\ofxPDSP-master\src\DSP\oscillators\base</Filter>
    </ClCompile>
    <ClCompile Include="..\..\..\addons\ofxPDSP-master\src\DSP\oscillators\base\OscillatorVariShape.cpp">
      <Filter>addons\ofxPDSP-master\src\DSP\oscillators\base</Filter>
    </ClCompile>
    <ClCompile Include="..\..\..\addons\ofxPDSP-master\src\DSP\oscillators\cheap\CheapPulse.cpp">
      <Filter>addons\ofxPDSP-master\src\DSP\oscillators\cheap</Filter>
    </ClCompile>
    <ClCompile Include="..\..\..\addons\ofxPDSP-master\src\DSP\oscillators\cheap\CheapSaw.cpp">
      <Filter>addons\ofxPDSP-master\src\DSP\oscillators\cheap</Filter>
    </ClCompile>
    <ClCompile Include="..\..\..\addons\ofxPDSP-master\src\DSP\oscillators\cheap\CheapSine.cpp">
      <Filter>addons\ofxPDSP-master\src\DSP\oscillators\cheap</Filter>
    </ClCompile>
    <ClCompile Include="..\..\..\addons\ofxPDSP-master\src\DSP\oscillators\cheap\CheapTri.cpp">
      <Filter>addons\ofxPDSP-master\src\DSP\oscillators\cheap</Filter>
    </ClCompile>
    <ClCompile Include="..\..\..\addons\ofxPDSP-master\src\DSP\oscillators\fm\SineFB.cpp">
      <Filter>addons\ofxPDSP-master\src\DSP\oscillators\fm</Filter>
    </ClCompile>
    <ClCompile Include="..\..\..\addons\ofxPDSP-master\src\DSP\oscillators\phasors\ClockedPhasor.cpp">
      <Filter>addons\ofxPDSP-master\src\DSP\oscillators\phasors</Filter>
    </ClCompile>
    <ClCompile Include="..\..\..\addons\ofxPDSP-master\src\DSP\oscillators\phasors\LFOPhasor.cpp">
      <Filter>addons\ofxPDSP-master\src\DSP\oscillators\phasors</Filter>
    </ClCompile>
    <ClCompile Include="..\..\..\addons\ofxPDSP-master\src\DSP\oscillators\phasors\PhasorShifter.cpp">
      <Filter>addons\ofxPDSP-master\src\DSP\oscillators\phasors</Filter>
    </ClCompile>
    <ClCompile Include="..\..\..\addons\ofxPDSP-master\src\DSP\oscillators\phasors\PMPhasor.cpp">
      <Filter>addons\ofxPDSP-master\src\DSP\oscillators\phasors</Filter>
    </ClCompile>
    <ClCompile Include="..\..\..\addons\ofxPDSP-master\src\DSP\oscillators\wavetable\DataOsc.cpp">
      <Filter>addons\ofxPDSP-master\src\DSP\oscillators\wavetable</Filter>
    </ClCompile>
    <ClCompile Include="..\..\..\addons\ofxPDSP-master\src\DSP\oscillators\wavetable\DataTable.cpp">
      <Filter>addons\ofxPDSP-master\src\DSP\oscillators\wavetable</Filter>
    </ClCompile>
    <ClCompile Include="..\..\..\addons\ofxPDSP-master\src\DSP\oscillators\wavetable\WaveTable.cpp">
      <Filter>addons\ofxPDSP-master\src\DSP\oscillators\wavetable</Filter>
    </ClCompile>
    <ClCompile Include="..\..\..\addons\ofxPDSP-master\src\DSP\oscillators\wavetable\WaveTableOsc.cpp">
      <Filter>addons\ofxPDSP-master\src\DSP\oscillators\wavetable</Filter>
    </ClCompile>
    <ClCompile Include="..\..\..\addons\ofxPDSP-master\src\DSP\random\TriggeredRandom.cpp">
      <Filter>addons\ofxPDSP-master\src\DSP\random</Filter>
    </ClCompile>
    <ClCompile Include="..\..\..\addons\ofxPDSP-master\src\DSP\random\WhiteNoise.cpp">
      <Filter>addons\ofxPDSP-master\src\DSP\random</Filter>
    </ClCompile>
    <ClCompile Include="..\..\..\addons\ofxPDSP-master\src\DSP\resamplers\BandLimit.cpp">
      <Filter>addons\ofxPDSP-master\src\DSP\resamplers</Filter>
    </ClCompile>
    <ClCompile Include="..\..\..\addons\ofxPDSP-master\src\DSP\resamplers\DownSampler.cpp">
      <Filter>addons\ofxPDSP-master\src\DSP\resamplers</Filter>
    </ClCompile>
    <ClCompile Include="..\..\..\addons\ofxPDSP-master\src\DSP\resamplers\IIRDownSampler2x.cpp">
      <Filter>addons\ofxPDSP-master\src\DSP\resamplers</Filter>
    </ClCompile>
    <ClCompile Include="..\..\..\addons\ofxPDSP-master\src\DSP\resamplers\IIRUpSampler2x.cpp">
      <Filter>addons\ofxPDSP-master\src\DSP\resamplers</Filter>
    </ClCompile>
    <ClCompile Include="..\..\..\addons\ofxPDSP-master\src\DSP\resamplers\UpSampler.cpp">
      <Filter>addons\ofxPDSP-master\src\DSP\resamplers</Filter>
    </ClCompile>
    <ClCompile Include="..\..\..\addons\ofxPDSP-master\src\DSP\resamplers\ZeroDownSampler.cpp">
      <Filter>addons\ofxPDSP-master\src\DSP\resamplers</Filter>
    </ClCompile>
    <ClCompile Include="..\..\..\addons\ofxPDSP-master\src\DSP\resamplers\ZeroUpSampler.cpp">
      <Filter>addons\ofxPDSP-master\src\DSP\resamplers</Filter>
    </ClCompile>
    <ClCompile Include="..\..\..\addons\ofxPDSP-master\src\DSP\samplers\grain\GrainBased.cpp">
      <Filter>addons\ofxPDSP-master\src\DSP\samplers\grain</Filter>
    </ClCompile>
    <ClCompile Include="..\..\..\addons\ofxPDSP-master\src\DSP\samplers\grain\GrainTable.cpp">
      <Filter>addons\ofxPDSP-master\src\DSP\samplers\grain</Filter>
    </ClCompile>
    <ClCompile Include="..\..\..\addons\ofxPDSP-master\src\DSP\samplers\GrainWindow.cpp">
      <Filter>addons\ofxPDSP-master\src\DSP\samplers</Filter>
    </ClCompile>
    <ClCompile Include="..\..\..\addons\ofxPDSP-master\src\DSP\samplers\SampleBuffer.cpp">
      <Filter>addons\ofxPDSP-master\src\DSP\samplers</Filter>
    </ClCompile>
    <ClCompile Include="..\..\..\addons\ofxPDSP-master\src\DSP\samplers\Sampler.cpp">
      <Filter>addons\ofxPDSP-master\src\DSP\samplers</Filter>
    </ClCompile>
    <ClCompile Include="..\..\..\addons\ofxPDSP-master\src\DSP\signal\Bitcruncher.cpp">
      <Filter>addons\ofxPDSP-master\src\DSP\signal</Filter>
    </ClCompile>
    <ClCompile Include="..\..\..\addons\ofxPDSP-master\src\DSP\signal\Decimator.cpp">
      <Filter>addons\ofxPDSP-master\src\DSP\signal</Filter>
    </ClCompile>
    <ClCompile Include="..\..\..\addons\ofxPDSP-master\src\DSP\signal\SampleAndHold.cpp">
      <Filter>addons\ofxPDSP-master\src\DSP\signal</Filter>
    </ClCompile>
    <ClCompile Include="..\..\..\addons\ofxPDSP-master\src\DSP\signal\Saturator1.cpp">
      <Filter>addons\ofxPDSP-master\src\DSP\signal</Filter>
    </ClCompile>
    <ClCompile Include="..\..\..\addons\ofxPDSP-master\src\DSP\signal\Saturator2.cpp">
      <Filter>addons\ofxPDSP-master\src\DSP\signal</Filter>
    </ClCompile>
    <ClCompile Include="..\..\..\addons\ofxPDSP-master\src\DSP\signal\SoftClip.cpp">
      <Filter>addons\ofxPDSP-master\src\DSP\signal</Filter>
    </ClCompile>
    <ClCompile Include="..\..\..\addons\ofxPDSP-master\src\DSP\utility\BipolarToUnipolar.cpp">
      <Filter>addons\ofxPDSP-master\src\DSP\utility</Filter>
    </ClCompile>
    <ClCompile Include="..\..\..\addons\ofxPDSP-master\src\DSP\utility\DBtoLin.cpp">
      <Filter>addons\ofxPDSP-master\src\DSP\utility</Filter>
    </ClCompile>
    <ClCompile Include="..\..\..\addons\ofxPDSP-master\src\DSP\utility\FreqToMs.cpp">
      <Filter>addons\ofxPDSP-master\src\DSP\utility</Filter>
    </ClCompile>
    <ClCompile Include="..\..\..\addons\ofxPDSP-master\src\DSP\utility\LinToDB.cpp">
      <Filter>addons\ofxPDSP-master\src\DSP\utility</Filter>
    </ClCompile>
    <ClCompile Include="..\..\..\addons\ofxPDSP-master\src\DSP\utility\MaxValue.cpp">
      <Filter>addons\ofxPDSP-master\src\DSP\utility</Filter>
    </ClCompile>
    <ClCompile Include="..\..\..\addons\ofxPDSP-master\src\DSP\utility\OneBarTimeMs.cpp">
      <Filter>addons\ofxPDSP-master\src\DSP\utility</Filter>
    </ClCompile>
    <ClCompile Include="..\..\..\addons\ofxPDSP-master\src\DSP\utility\OneMinusInput.cpp">
      <Filter>addons\ofxPDSP-master\src\DSP\utility</Filter>
    </ClCompile>
    <ClCompile Include="..\..\..\addons\ofxPDSP-master\src\DSP\utility\PitchToFreq.cpp">
      <Filter>addons\ofxPDSP-master\src\DSP\utility</Filter>
    </ClCompile>
    <ClCompile Include="..\..\..\addons\ofxPDSP-master\src\DSP\utility\SamplesDelay.cpp">
      <Filter>addons\ofxPDSP-master\src\DSP\utility</Filter>
    </ClCompile>
    <ClCompile Include="..\..\..\addons\ofxPDSP-master\src\math\dsphelpers\incrementCalculator.cpp">
      <Filter>addons\ofxPDSP-master\src\math\dsphelpers</Filter>
    </ClCompile>
    <ClCompile Include="..\..\..\addons\ofxPDSP-master\src\math\dsphelpers\sanity_check.cpp">
      <Filter>addons\ofxPDSP-master\src\math\dsphelpers</Filter>
    </ClCompile>
    <ClCompile Include="..\..\..\addons\ofxPDSP-master\src\math\random\random.cpp">
      <Filter>addons\ofxPDSP-master\src\math\random</Filter>
    </ClCompile>
    <ClCompile Include="..\..\..\addons\ofxPDSP-master\src\math\simd\core\activate.cpp">
      <Filter>addons\ofxPDSP-master\src\math\simd\core</Filter>
    </ClCompile>
    <ClCompile Include="..\..\..\addons\ofxPDSP-master\src\math\simd\core\allocator.cpp">
      <Filter>addons\ofxPDSP-master\src\math\simd\core</Filter>
    </ClCompile>
    <ClCompile Include="..\..\..\addons\ofxPDSP-master\src\math\tables\blep.cpp">
      <Filter>addons\ofxPDSP-master\src\math\tables</Filter>
    </ClCompile>
    <ClCompile Include="..\..\..\addons\ofxPDSP-master\src\math\tables\dsp_windows.cpp">
      <Filter>addons\ofxPDSP-master\src\math\tables</Filter>
    </ClCompile>
    <ClCompile Include="..\..\..\addons\ofxPDSP-master\src\messages\Clockable.cpp">
      <Filter>addons\ofxPDSP-master\src\messages</Filter>
    </ClCompile>
    <ClCompile Include="..\..\..\addons\ofxPDSP-master\src\messages\ExtSequencer.cpp">
      <Filter>addons\ofxPDSP-master\src\messages</Filter>
    </ClCompile>
    <ClCompile Include="..\..\..\addons\ofxPDSP-master\src\messages\MessageBuffer.cpp">
      <Filter>addons\ofxPDSP-master\src\messages</Filter>
    </ClCompile>
    <ClCompile Include="..\..\..\addons\ofxPDSP-master\src\modules\dynamics\Compressor.cpp">
      <Filter>addons\ofxPDSP-master\src\modules\dynamics</Filter>
    </ClCompile>
    <ClCompile Include="..\..\..\addons\ofxPDSP-master\src\modules\dynamics\Ducker.cpp">
      <Filter>addons\ofxPDSP-master\src\modules\dynamics</Filter>
    </ClCompile>
    <ClCompile Include="..\..\..\addons\ofxPDSP-master\src\modules\effects\DimensionChorus.cpp">
      <Filter>addons\ofxPDSP-master\src\modules\effects</Filter>
    </ClCompile>
    <ClCompile Include="..\..\..\addons\ofxPDSP-master\src\modules\equalizers\AAHighShelfEQ.cpp">
      <Filter>addons\ofxPDSP-master\src\modules\equalizers</Filter>
    </ClCompile>
    <ClCompile Include="..\..\..\addons\ofxPDSP-master\src\modules\equalizers\AALowShelfEQ.cpp">
      <Filter>addons\ofxPDSP-master\src\modules\equalizers</Filter>
    </ClCompile>
    <ClCompile Include="..\..\..\addons\ofxPDSP-master\src\modules\equalizers\AAPeakEQ.cpp">
      <Filter>addons\ofxPDSP-master\src\modules\equalizers</Filter>
    </ClCompile>
    <ClCompile Include="..\..\..\addons\ofxPDSP-master\src\modules\equalizers\HighCut.cpp">
      <Filter>addons\ofxPDSP-master\src\modules\equalizers</Filter>
    </ClCompile>
    <ClCompile Include="..\..\..\addons\ofxPDSP-master\src\modules\equalizers\HighShelfEQ.cpp">
      <Filter>addons\ofxPDSP-master\src\modules\equalizers</Filter>
    </ClCompile>
    <ClCompile Include="..\..\..\addons\ofxPDSP-master\src\modules\equalizers\LowCut.cpp">
      <Filter>addons\ofxPDSP-master\src\modules\equalizers</Filter>
    </ClCompile>
    <ClCompile Include="..\..\..\addons\ofxPDSP-master\src\modules\equalizers\LowShelfEQ.cpp">
      <Filter>addons\ofxPDSP-master\src\modules\equalizers</Filter>
    </ClCompile>
    <ClCompile Include="..\..\..\addons\ofxPDSP-master\src\modules\equalizers\PeakEQ.cpp">
      <Filter>addons\ofxPDSP-master\src\modules\equalizers</Filter>
    </ClCompile>
    <ClCompile Include="..\..\..\addons\ofxPDSP-master\src\modules\filters\CombFilter.cpp">
      <Filter>addons\ofxPDSP-master\src\modules\filters</Filter>
    </ClCompile>
    <ClCompile Include="..\..\..\addons\ofxPDSP-master\src\modules\filters\PhaserFilter.cpp">
      <Filter>addons\ofxPDSP-master\src\modules\filters</Filter>
    </ClCompile>
    <ClCompile Include="..\..\..\addons\ofxPDSP-master\src\modules\filters\SVFilter.cpp">
      <Filter>addons\ofxPDSP-master\src\modules\filters</Filter>
    </ClCompile>
    <ClCompile Include="..\..\..\addons\ofxPDSP-master\src\modules\filters\VAFilter.cpp">
      <Filter>addons\ofxPDSP-master\src\modules\filters</Filter>
    </ClCompile>
    <ClCompile Include="..\..\..\addons\ofxPDSP-master\src\modules\oscillators\ClockedLFO.cpp">
      <Filter>addons\ofxPDSP-master\src\modules\oscillators</Filter>
    </ClCompile>
    <ClCompile Include="..\..\..\addons\ofxPDSP-master\src\modules\oscillators\DataOscillator.cpp">
      <Filter>addons\ofxPDSP-master\src\modules\oscillators</Filter>
    </ClCompile>
    <ClCompile Include="..\..\..\addons\ofxPDSP-master\src\modules\oscillators\FMOperator.cpp">
      <Filter>addons\ofxPDSP-master\src\modules\oscillators</Filter>
    </ClCompile>
    <ClCompile Include="..\..\..\addons\ofxPDSP-master\src\modules\oscillators\LFO.cpp">
      <Filter>addons\ofxPDSP-master\src\modules\oscillators</Filter>
    </ClCompile>
    <ClCompile Include="..\..\..\addons\ofxPDSP-master\src\modules\oscillators\TableOscillator.cpp">
      <Filter>addons\ofxPDSP-master\src\modules\oscillators</Filter>
    </ClCompile>
    <ClCompile Include="..\..\..\addons\ofxPDSP-master\src\modules\oscillators\VAOscillator.cpp">
      <Filter>addons\ofxPDSP-master\src\modules\oscillators</Filter>
    </ClCompile>
    <ClCompile Include="..\..\..\addons\ofxPDSP-master\src\modules\reverbs\BasiVerb.cpp">
      <Filter>addons\ofxPDSP-master\src\modules\reverbs</Filter>
    </ClCompile>
    <ClCompile Include="..\..\..\addons\ofxPDSP-master\src\modules\reverbs\IRVerb.cpp">
      <Filter>addons\ofxPDSP-master\src\modules\reverbs</Filter>
    </ClCompile>
    <ClCompile Include="..\..\..\addons\ofxPDSP-master\src\modules\samplers\GrainCloud.cpp">
      <Filter>addons\ofxPDSP-master\src\modules\samplers</Filter>
    </ClCompile>
    <ClCompile Include="..\..\..\addons\ofxPDSP-master\src\modules\samplers\TriggeredGrain.cpp">
      <Filter>addons\ofxPDSP-master\src\modules\samplers</Filter>
    </ClCompile>
    <ClCompile Include="..\..\..\addons\ofxPDSP-master\src\modules\signal\LinearCrossfader.cpp">
      <Filter>addons\ofxPDSP-master\src\modules\signal</Filter>
    </ClCompile>
    <ClCompile Include="..\..\..\addons\ofxPDSP-master\src\modules\signal\Panner.cpp">
      <Filter>addons\ofxPDSP-master\src\modules\signal</Filter>
    </ClCompile>
    <ClCompile Include="..\..\..\addons\ofxPDSP-master\src\modules\sources\BitNoise.cpp">
      <Filter>addons\ofxPDSP-master\src\modules\sources</Filter>
    </ClCompile>
    <ClCompile Include="..\..\..\addons\ofxPDSP-master\src\ofx\ComputerKeyboard.cpp">
      <Filter>addons\ofxPDSP-master\src\ofx</Filter>
    </ClCompile>
    <ClCompile Include="..\..\..\addons\ofxPDSP-master\src\ofx\Engine.cpp">
      <Filter>addons\ofxPDSP-master\src\ofx</Filter>
    </ClCompile>
    <ClCompile Include="..\..\..\addons\ofxPDSP-master\src\ofx\helper\MidiCCBuffers.cpp">
      <Filter>addons\ofxPDSP-master\src\ofx\helper</Filter>
    </ClCompile>
    <ClCompile Include="..\..\..\addons\ofxPDSP-master\src\ofx\helper\MidiKeysBuffers.cpp">
      <Filter>addons\ofxPDSP-master\src\ofx\helper</Filter>
    </ClCompile>
    <ClCompile Include="..\..\..\addons\ofxPDSP-master\src\ofx\helper\OscParser.cpp">
      <Filter>addons\ofxPDSP-master\src\ofx\helper</Filter>
    </ClCompile>
    <ClCompile Include="..\..\..\addons\ofxPDSP-master\src\ofx\MidiControls.cpp">
      <Filter>addons\ofxPDSP-master\src\ofx</Filter>
    </ClCompile>
    <ClCompile Include="..\..\..\addons\ofxPDSP-master\src\ofx\MidiIn.cpp">
      <Filter>addons\ofxPDSP-master\src\ofx</Filter>
    </ClCompile>
    <ClCompile Include="..\..\..\addons\ofxPDSP-master\src\ofx\MidiKeys.cpp">
      <Filter>addons\ofxPDSP-master\src\ofx</Filter>
    </ClCompile>
    <ClCompile Include="..\..\..\addons\ofxPDSP-master\src\ofx\MidiOut.cpp">
      <Filter>addons\ofxPDSP-master\src\ofx</Filter>
    </ClCompile>
    <ClCompile Include="..\..\..\addons\ofxPDSP-master\src\ofx\MidiPads.cpp">
      <Filter>addons\ofxPDSP-master\src\ofx</Filter>
    </ClCompile>
    <ClCompile Include="..\..\..\addons\ofxPDSP-master\src\ofx\ofxPDSPFunctions.cpp">
      <Filter>addons\ofxPDSP-master\src\ofx</Filter>
    </ClCompile>
    <ClCompile Include="..\..\..\addons\ofxPDSP-master\src\ofx\OscInput.cpp">
      <Filter>addons\ofxPDSP-master\src\ofx</Filter>
    </ClCompile>
    <ClCompile Include="..\..\..\addons\ofxPDSP-master\src\ofx\OscOutput.cpp">
      <Filter>addons\ofxPDSP-master\src\ofx</Filter>
    </ClCompile>
    <ClCompile Include="..\..\..\addons\ofxPDSP-master\src\ofx\Parameter.cpp">
      <Filter>addons\ofxPDSP-master\src\ofx</Filter>
    </ClCompile>
    <ClCompile Include="..\..\..\addons\ofxPDSP-master\src\ofx\ParameterAmp.cpp">
      <Filter>addons\ofxPDSP-master\src\ofx</Filter>
    </ClCompile>
    <ClCompile Include="..\..\..\addons\ofxPDSP-master\src\ofx\ParameterGain.cpp">
      <Filter>addons\ofxPDSP-master\src\ofx</Filter>
    </ClCompile>
    <ClCompile Include="..\..\..\addons\ofxPDSP-master\src\ofx\SampleBufferPlotter.cpp">
      <Filter>addons\ofxPDSP-master\src\ofx</Filter>
    </ClCompile>
    <ClCompile Include="..\..\..\addons\ofxPDSP-master\src\ofx\Scope.cpp">
      <Filter>addons\ofxPDSP-master\src\ofx</Filter>
    </ClCompile>
    <ClCompile Include="..\..\..\addons\ofxPDSP-master\src\ofx\SerialOut.cpp">
      <Filter>addons\ofxPDSP-master\src\ofx</Filter>
    </ClCompile>
    <ClCompile Include="..\..\..\addons\ofxPDSP-master\src\ofx\Wrapper.cpp">
      <Filter>addons\ofxPDSP-master\src\ofx</Filter>
    </ClCompile>
    <ClCompile Include="..\..\..\addons\ofxPDSP-master\src\sequencer\Function.cpp">
      <Filter>addons\ofxPDSP-master\src\sequencer</Filter>
    </ClCompile>
    <ClCompile Include="..\..\..\addons\ofxPDSP-master\src\sequencer\Sequence.cpp">
      <Filter>addons\ofxPDSP-master\src\sequencer</Filter>
    </ClCompile>
    <ClCompile Include="..\..\..\addons\ofxPDSP-master\src\sequencer\SequencerMessage.cpp">
      <Filter>addons\ofxPDSP-master\src\sequencer</Filter>
    </ClCompile>
    <ClCompile Include="..\..\..\addons\ofxPDSP-master\src\sequencer\SequencerProcessor.cpp">
      <Filter>addons\ofxPDSP-master\src\sequencer</Filter>
    </ClCompile>
    <ClCompile Include="..\..\..\addons\ofxPDSP-master\src\sequencer\SequencerSection.cpp">
      <Filter>addons\ofxPDSP-master\src\sequencer</Filter>
    </ClCompile>
    <ClCompile Include="..\..\..\addons\ofxPDSP-master\src\sequencer\stockBehaviors.cpp">
      <Filter>addons\ofxPDSP-master\src\sequencer</Filter>
    </ClCompile>
    <ClCompile Include="..\..\..\addons\ofxPDSP-master\libs\audiofft\AudioFFT.cpp">
      <Filter>addons\ofxPDSP-master\libs\audiofft</Filter>
    </ClCompile>
    <ClCompile Include="block.cpp">
      <Filter>src</Filter>
    </ClCompile>
    <ClCompile Include="area.cpp">
      <Filter>src</Filter>
    </ClCompile>
    <ClCompile Include="grid.cpp">
      <Filter>src</Filter>
    </ClCompile>
    <ClCompile Include="interface.cpp" />
  </ItemGroup>
  <ItemGroup>
    <Filter Include="src">
      <UniqueIdentifier>{d8376475-7454-4a24-b08a-aac121d3ad6f}</UniqueIdentifier>
    </Filter>
    <Filter Include="addons">
      <UniqueIdentifier>{34F0E1EB--D49-4-44-C2-A-9A4-D9EF84EBBCE5}</UniqueIdentifier>
    </Filter>
    <Filter Include="addons\ofxAudioFile-master">
      <UniqueIdentifier>{9855AD1D--9B7-D-4B-17-8-303-0FBC0C479681}</UniqueIdentifier>
    </Filter>
    <Filter Include="addons\ofxAudioFile-master\src">
      <UniqueIdentifier>{B40D3893--D44-8-47-0C-8-E65-18852CA3DA76}</UniqueIdentifier>
    </Filter>
    <Filter Include="addons\ofxAudioFile-master\libs">
      <UniqueIdentifier>{4B2D0E8D--2C7-D-4B-14-8-45B-6E0E0B106807}</UniqueIdentifier>
    </Filter>
    <Filter Include="addons\ofxDatGui-1.3.0">
      <UniqueIdentifier>{7C1AECCE--E59-5-4E-AF-9-2C8-FABCE4DD579D}</UniqueIdentifier>
    </Filter>
    <Filter Include="addons\ofxDatGui-1.3.0\src">
      <UniqueIdentifier>{468C8B1D--9AC-8-44-8E-A-3C0-264D04FE8729}</UniqueIdentifier>
    </Filter>
    <Filter Include="addons\ofxDatGui-1.3.0\src\components">
      <UniqueIdentifier>{C996D4A4--907-4-4E-B8-A-07A-19D96B0FCFF0}</UniqueIdentifier>
    </Filter>
    <Filter Include="addons\ofxDatGui-1.3.0\src\core">
      <UniqueIdentifier>{1978699B--8AA-5-4E-84-B-012-8B2087AAC248}</UniqueIdentifier>
    </Filter>
    <Filter Include="addons\ofxDatGui-1.3.0\src\libs">
      <UniqueIdentifier>{6282D88A--94E-B-4D-8F-A-98E-45F690ABA4AB}</UniqueIdentifier>
    </Filter>
    <Filter Include="addons\ofxDatGui-1.3.0\src\libs\ofxSmartFont">
      <UniqueIdentifier>{BEFE41AD--D61-E-48-6E-8-8DB-F5AE7D0864C7}</UniqueIdentifier>
    </Filter>
    <Filter Include="addons\ofxDatGui-1.3.0\src\themes">
      <UniqueIdentifier>{5CC536AA--F58-4-41-DB-A-BB1-8EAC8BCEA6A2}</UniqueIdentifier>
    </Filter>
    <Filter Include="addons\ofxMidi-master">
      <UniqueIdentifier>{AC35BFB0--30E-0-4D-E0-9-546-ED70912D5A38}</UniqueIdentifier>
    </Filter>
    <Filter Include="addons\ofxMidi-master\src">
      <UniqueIdentifier>{CF84362F--79C-4-4C-06-A-FCB-6CD0BF092E3D}</UniqueIdentifier>
    </Filter>
    <Filter Include="addons\ofxMidi-master\src\desktop">
      <UniqueIdentifier>{B26E5736--5DB-C-44-AF-A-3C5-66AAF85690D7}</UniqueIdentifier>
    </Filter>
    <Filter Include="addons\ofxMidi-master\libs">
      <UniqueIdentifier>{46AC00F6--F97-9-47-3D-A-D5C-B9770B19F8F4}</UniqueIdentifier>
    </Filter>
    <Filter Include="addons\ofxMidi-master\libs\rtmidi">
      <UniqueIdentifier>{3229A80B--0B4-9-48-25-9-B0D-4C601561D2DA}</UniqueIdentifier>
    </Filter>
    <Filter Include="addons\ofxOsc">
      <UniqueIdentifier>{9F7DB65B--2AC-2-48-32-9-504-CD5664E43708}</UniqueIdentifier>
    </Filter>
    <Filter Include="addons\ofxOsc\src">
      <UniqueIdentifier>{DBF7F01D--12D-B-4D-E6-8-690-3D45C5A96003}</UniqueIdentifier>
    </Filter>
    <Filter Include="addons\ofxOsc\libs">
      <UniqueIdentifier>{7C17C79E--A81-E-49-0F-8-E64-9C832BF915F3}</UniqueIdentifier>
    </Filter>
    <Filter Include="addons\ofxOsc\libs\oscpack">
      <UniqueIdentifier>{CC96FF4D--FFD-1-48-8B-9-3A5-0389A22E2DEB}</UniqueIdentifier>
    </Filter>
    <Filter Include="addons\ofxOsc\libs\oscpack\src">
      <UniqueIdentifier>{0510EA0C--68D-7-41-99-A-D68-A9C52A14693F}</UniqueIdentifier>
    </Filter>
    <Filter Include="addons\ofxOsc\libs\oscpack\src\ip">
      <UniqueIdentifier>{EE1F0F96--076-2-4D-E8-9-768-70C6EE88E829}</UniqueIdentifier>
    </Filter>
    <Filter Include="addons\ofxOsc\libs\oscpack\src\ip\win32">
      <UniqueIdentifier>{D201AED0--272-7-45-EE-B-4EF-D180F5E9FF7C}</UniqueIdentifier>
    </Filter>
    <Filter Include="addons\ofxOsc\libs\oscpack\src\osc">
      <UniqueIdentifier>{CF270DFB--0C7-2-43-8F-8-41B-E36DE3137386}</UniqueIdentifier>
    </Filter>
    <Filter Include="addons\ofxPDSP-master">
      <UniqueIdentifier>{BFD26721--A9B-C-44-D1-A-363-9ADD34410B9F}</UniqueIdentifier>
    </Filter>
    <Filter Include="addons\ofxPDSP-master\src">
      <UniqueIdentifier>{DB375706--39A-1-46-E3-8-925-334CC4F4D144}</UniqueIdentifier>
    </Filter>
    <Filter Include="addons\ofxPDSP-master\src\DSP">
      <UniqueIdentifier>{A9285D59--622-C-42-75-9-ECA-3F580E7FAEAF}</UniqueIdentifier>
    </Filter>
    <Filter Include="addons\ofxPDSP-master\src\DSP\control">
      <UniqueIdentifier>{3EBBA0C7--D4F-D-44-EE-B-306-16465CC89B6D}</UniqueIdentifier>
    </Filter>
    <Filter Include="addons\ofxPDSP-master\src\DSP\convolution">
      <UniqueIdentifier>{4FBDAB4E--6B3-6-48-34-9-7FC-CE197416A8A4}</UniqueIdentifier>
    </Filter>
    <Filter Include="addons\ofxPDSP-master\src\DSP\core">
      <UniqueIdentifier>{27F8B237--459-F-41-35-8-224-56763AD77387}</UniqueIdentifier>
    </Filter>
    <Filter Include="addons\ofxPDSP-master\src\DSP\delays">
      <UniqueIdentifier>{EF0C0239--69B-0-43-78-8-887-5D2662154FB7}</UniqueIdentifier>
    </Filter>
    <Filter Include="addons\ofxPDSP-master\src\DSP\dynamics">
      <UniqueIdentifier>{EF7275AA--C56-8-44-0C-B-B41-C72F2A8CA23D}</UniqueIdentifier>
    </Filter>
    <Filter Include="addons\ofxPDSP-master\src\DSP\envelopes">
      <UniqueIdentifier>{961358EC--DB9-B-45-B9-A-CB8-D7D8660A6228}</UniqueIdentifier>
    </Filter>
    <Filter Include="addons\ofxPDSP-master\src\DSP\envelopes\stages">
      <UniqueIdentifier>{B694A7B6--DB2-0-47-D4-A-895-7598C07DCC97}</UniqueIdentifier>
    </Filter>
    <Filter Include="addons\ofxPDSP-master\src\DSP\filters">
      <UniqueIdentifier>{9A7208AB--7B7-0-4D-B7-8-F8E-2E88CBD84A95}</UniqueIdentifier>
    </Filter>
    <Filter Include="addons\ofxPDSP-master\src\DSP\filters\biquads">
      <UniqueIdentifier>{0021E731--759-6-47-40-A-E60-58BAAF098D74}</UniqueIdentifier>
    </Filter>
    <Filter Include="addons\ofxPDSP-master\src\DSP\helpers">
      <UniqueIdentifier>{EB2D9DA0--DF0-1-42-77-A-891-61C233EA732F}</UniqueIdentifier>
    </Filter>
    <Filter Include="addons\ofxPDSP-master\src\DSP\oscillators">
      <UniqueIdentifier>{086C58AD--0AA-5-43-10-9-A41-211E22069E42}</UniqueIdentifier>
    </Filter>
    <Filter Include="addons\ofxPDSP-master\src\DSP\oscillators\antialiased">
      <UniqueIdentifier>{4A1CF300--16C-A-42-E4-8-BCD-DBF844412B77}</UniqueIdentifier>
    </Filter>
    <Filter Include="addons\ofxPDSP-master\src\DSP\oscillators\antialiased\BLEP">
      <UniqueIdentifier>{CEBDF173--18D-6-4E-A0-9-C4D-A84F77EACD3B}</UniqueIdentifier>
    </Filter>
    <Filter Include="addons\ofxPDSP-master\src\DSP\oscillators\base">
      <UniqueIdentifier>{87C5C9B9--0E9-0-4F-D0-8-427-180F3191F8A3}</UniqueIdentifier>
    </Filter>
    <Filter Include="addons\ofxPDSP-master\src\DSP\oscillators\cheap">
      <UniqueIdentifier>{EBA0EDE8--058-5-4F-77-B-F67-07A216E51372}</UniqueIdentifier>
    </Filter>
    <Filter Include="addons\ofxPDSP-master\src\DSP\oscillators\fm">
      <UniqueIdentifier>{15C1FC66--C92-E-49-5A-9-9ED-0B7C846968E9}</UniqueIdentifier>
    </Filter>
    <Filter Include="addons\ofxPDSP-master\src\DSP\oscillators\phasors">
      <UniqueIdentifier>{93B7A701--122-6-4C-DE-A-BC0-4D110CF26D1E}</UniqueIdentifier>
    </Filter>
    <Filter Include="addons\ofxPDSP-master\src\DSP\oscillators\wavetable">
      <UniqueIdentifier>{BEE5656B--5A7-8-41-7A-8-869-2084AD692397}</UniqueIdentifier>
    </Filter>
    <Filter Include="addons\ofxPDSP-master\src\DSP\random">
      <UniqueIdentifier>{76E8A30D--778-0-4B-6E-B-E1F-E5BA71586784}</UniqueIdentifier>
    </Filter>
    <Filter Include="addons\ofxPDSP-master\src\DSP\resamplers">
      <UniqueIdentifier>{00224380--E83-2-45-13-8-D98-C88F298447DE}</UniqueIdentifier>
    </Filter>
    <Filter Include="addons\ofxPDSP-master\src\DSP\samplers">
      <UniqueIdentifier>{85D80139--80C-5-46-EF-8-5B7-0B653D65EF30}</UniqueIdentifier>
    </Filter>
    <Filter Include="addons\ofxPDSP-master\src\DSP\samplers\grain">
      <UniqueIdentifier>{DC6C720B--06E-0-4D-E9-A-3A0-B7A40C592F95}</UniqueIdentifier>
    </Filter>
    <Filter Include="addons\ofxPDSP-master\src\DSP\signal">
      <UniqueIdentifier>{8DA74BE3--F75-3-43-F0-B-A94-429FDBAE8DCA}</UniqueIdentifier>
    </Filter>
    <Filter Include="addons\ofxPDSP-master\src\DSP\utility">
      <UniqueIdentifier>{4AAAF973--3C3-F-42-4C-B-6AA-9DA65D68FC1D}</UniqueIdentifier>
    </Filter>
    <Filter Include="addons\ofxPDSP-master\src\math">
      <UniqueIdentifier>{E4AD7E04--EF4-D-4F-26-B-2BE-2AA6343751A2}</UniqueIdentifier>
    </Filter>
    <Filter Include="addons\ofxPDSP-master\src\math\dsphelpers">
      <UniqueIdentifier>{989C6C6D--411-2-4E-68-9-146-5099C985DC74}</UniqueIdentifier>
    </Filter>
    <Filter Include="addons\ofxPDSP-master\src\math\fft">
      <UniqueIdentifier>{C7D30435--C6E-5-4C-28-8-820-3DFF17D35825}</UniqueIdentifier>
    </Filter>
    <Filter Include="addons\ofxPDSP-master\src\math\interpolation">
      <UniqueIdentifier>{F4C2F211--BB7-D-4A-E2-8-02C-EC2F921218CC}</UniqueIdentifier>
    </Filter>
    <Filter Include="addons\ofxPDSP-master\src\math\random">
      <UniqueIdentifier>{9A5AF7B7--030-9-4A-2B-8-E92-ADBFE22063EB}</UniqueIdentifier>
    </Filter>
    <Filter Include="addons\ofxPDSP-master\src\math\simd">
      <UniqueIdentifier>{4427587A--C9D-4-44-8D-A-FB4-4C82A91D7F08}</UniqueIdentifier>
    </Filter>
    <Filter Include="addons\ofxPDSP-master\src\math\simd\core">
      <UniqueIdentifier>{FEE7F69D--CDE-1-49-FE-A-15C-D92458C59454}</UniqueIdentifier>
    </Filter>
    <Filter Include="addons\ofxPDSP-master\src\math\simd\functions">
      <UniqueIdentifier>{E0357C5A--81E-F-42-CC-8-BCC-A0D2F7303810}</UniqueIdentifier>
    </Filter>
    <Filter Include="addons\ofxPDSP-master\src\math\simd\functions\mathfun">
      <UniqueIdentifier>{72838365--45A-5-42-9C-8-C4B-6C4DBEE32A07}</UniqueIdentifier>
    </Filter>
    <Filter Include="addons\ofxPDSP-master\src\math\simd\kernels">
      <UniqueIdentifier>{3DA9B8A2--D5B-2-4B-B6-9-A19-A31AA6FD349E}</UniqueIdentifier>
    </Filter>
    <Filter Include="addons\ofxPDSP-master\src\math\simd\vectors">
      <UniqueIdentifier>{27631A0D--C89-D-41-09-A-DE8-B6E90ABF7B25}</UniqueIdentifier>
    </Filter>
    <Filter Include="addons\ofxPDSP-master\src\math\tables">
      <UniqueIdentifier>{FB0DF0D9--ECB-3-45-7D-8-377-E532C774F947}</UniqueIdentifier>
    </Filter>
    <Filter Include="addons\ofxPDSP-master\src\math\trig">
      <UniqueIdentifier>{6D6B6B1B--566-3-46-9B-8-3EE-EDD97508FD12}</UniqueIdentifier>
    </Filter>
    <Filter Include="addons\ofxPDSP-master\src\messages">
      <UniqueIdentifier>{4559D794--2A1-4-42-2D-8-9D5-E0FE0CB2FB50}</UniqueIdentifier>
    </Filter>
    <Filter Include="addons\ofxPDSP-master\src\modules">
      <UniqueIdentifier>{E8C648A6--604-6-4D-0A-9-28B-6D81B0828C13}</UniqueIdentifier>
    </Filter>
    <Filter Include="addons\ofxPDSP-master\src\modules\dynamics">
      <UniqueIdentifier>{BD5AB604--FB5-F-4E-99-B-39C-5821DC78738B}</UniqueIdentifier>
    </Filter>
    <Filter Include="addons\ofxPDSP-master\src\modules\effects">
      <UniqueIdentifier>{4BD97696--5DD-7-47-92-B-4C9-A0E703DA6D48}</UniqueIdentifier>
    </Filter>
    <Filter Include="addons\ofxPDSP-master\src\modules\equalizers">
      <UniqueIdentifier>{33478133--F04-A-47-6E-9-A94-417D4C9E3DBE}</UniqueIdentifier>
    </Filter>
    <Filter Include="addons\ofxPDSP-master\src\modules\filters">
      <UniqueIdentifier>{B20623FD--03E-6-46-CD-B-E58-46FFAC47AE7B}</UniqueIdentifier>
    </Filter>
    <Filter Include="addons\ofxPDSP-master\src\modules\oscillators">
      <UniqueIdentifier>{3DFE7394--1F5-A-4C-D9-B-F06-A99D09FACDC4}</UniqueIdentifier>
    </Filter>
    <Filter Include="addons\ofxPDSP-master\src\modules\reverbs">
      <UniqueIdentifier>{CDEF4040--39F-9-47-1D-9-59F-564E4DD9F7A2}</UniqueIdentifier>
    </Filter>
    <Filter Include="addons\ofxPDSP-master\src\modules\samplers">
      <UniqueIdentifier>{25640F8E--806-1-42-7A-A-196-CF44B9CB05D0}</UniqueIdentifier>
    </Filter>
    <Filter Include="addons\ofxPDSP-master\src\modules\signal">
      <UniqueIdentifier>{C804371C--37C-4-4D-E4-A-3E4-674268E30280}</UniqueIdentifier>
    </Filter>
    <Filter Include="addons\ofxPDSP-master\src\modules\sources">
      <UniqueIdentifier>{6098EF8E--D74-C-4F-D0-A-7AB-90B8BB409A12}</UniqueIdentifier>
    </Filter>
    <Filter Include="addons\ofxPDSP-master\src\ofx">
      <UniqueIdentifier>{A629A457--593-4-4D-C4-9-148-24BF37678886}</UniqueIdentifier>
    </Filter>
    <Filter Include="addons\ofxPDSP-master\src\ofx\helper">
      <UniqueIdentifier>{539EBFFB--386-7-4F-86-9-573-F85C4BD64414}</UniqueIdentifier>
    </Filter>
    <Filter Include="addons\ofxPDSP-master\src\sequencer">
      <UniqueIdentifier>{E8196A42--B9F-7-40-D1-8-242-96489AA56F8F}</UniqueIdentifier>
    </Filter>
    <Filter Include="addons\ofxPDSP-master\libs">
      <UniqueIdentifier>{B28CA04F--1E2-7-45-A1-8-EE4-0537821407A6}</UniqueIdentifier>
    </Filter>
    <Filter Include="addons\ofxPDSP-master\libs\audiofft">
      <UniqueIdentifier>{D4F91B61--1C8-4-4B-D8-9-4BE-DAC3980DEBB0}</UniqueIdentifier>
    </Filter>
  </ItemGroup>
  <ItemGroup>
    <ClInclude Include="src\ofApp.h">
      <Filter>src</Filter>
    </ClInclude>
    <ClInclude Include="src\ofApp.h">
      <Filter>src</Filter>
    </ClInclude>
    <ClInclude Include="..\..\..\addons\ofxAudioFile-master\src\ofxAudioFile.h">
      <Filter>addons\ofxAudioFile-master\src</Filter>
    </ClInclude>
    <ClInclude Include="..\..\..\addons\ofxAudioFile-master\libs\dr_flac.h">
      <Filter>addons\ofxAudioFile-master\libs</Filter>
    </ClInclude>
    <ClInclude Include="..\..\..\addons\ofxAudioFile-master\libs\dr_mp3.h">
      <Filter>addons\ofxAudioFile-master\libs</Filter>
    </ClInclude>
    <ClInclude Include="..\..\..\addons\ofxAudioFile-master\libs\dr_wav.h">
      <Filter>addons\ofxAudioFile-master\libs</Filter>
    </ClInclude>
    <ClInclude Include="..\..\..\addons\ofxAudioFile-master\libs\stb_vorbis.h">
      <Filter>addons\ofxAudioFile-master\libs</Filter>
    </ClInclude>
    <ClInclude Include="..\..\..\addons\ofxDatGui-1.3.0\src\components\ofxDatGui2dPad.h">
      <Filter>addons\ofxDatGui-1.3.0\src\components</Filter>
    </ClInclude>
    <ClInclude Include="..\..\..\addons\ofxDatGui-1.3.0\src\components\ofxDatGuiButton.h">
      <Filter>addons\ofxDatGui-1.3.0\src\components</Filter>
    </ClInclude>
    <ClInclude Include="..\..\..\addons\ofxDatGui-1.3.0\src\components\ofxDatGuiColorPicker.h">
      <Filter>addons\ofxDatGui-1.3.0\src\components</Filter>
    </ClInclude>
    <ClInclude Include="..\..\..\addons\ofxDatGui-1.3.0\src\components\ofxDatGuiControls.h">
      <Filter>addons\ofxDatGui-1.3.0\src\components</Filter>
    </ClInclude>
    <ClInclude Include="..\..\..\addons\ofxDatGui-1.3.0\src\components\ofxDatGuiFRM.h">
      <Filter>addons\ofxDatGui-1.3.0\src\components</Filter>
    </ClInclude>
    <ClInclude Include="..\..\..\addons\ofxDatGui-1.3.0\src\components\ofxDatGuiGroups.h">
      <Filter>addons\ofxDatGui-1.3.0\src\components</Filter>
    </ClInclude>
    <ClInclude Include="..\..\..\addons\ofxDatGui-1.3.0\src\components\ofxDatGuiLabel.h">
      <Filter>addons\ofxDatGui-1.3.0\src\components</Filter>
    </ClInclude>
    <ClInclude Include="..\..\..\addons\ofxDatGui-1.3.0\src\components\ofxDatGuiMatrix.h">
      <Filter>addons\ofxDatGui-1.3.0\src\components</Filter>
    </ClInclude>
    <ClInclude Include="..\..\..\addons\ofxDatGui-1.3.0\src\components\ofxDatGuiScrollView.h">
      <Filter>addons\ofxDatGui-1.3.0\src\components</Filter>
    </ClInclude>
    <ClInclude Include="..\..\..\addons\ofxDatGui-1.3.0\src\components\ofxDatGuiSlider.h">
      <Filter>addons\ofxDatGui-1.3.0\src\components</Filter>
    </ClInclude>
    <ClInclude Include="..\..\..\addons\ofxDatGui-1.3.0\src\components\ofxDatGuiTextInput.h">
      <Filter>addons\ofxDatGui-1.3.0\src\components</Filter>
    </ClInclude>
    <ClInclude Include="..\..\..\addons\ofxDatGui-1.3.0\src\components\ofxDatGuiTextInputField.h">
      <Filter>addons\ofxDatGui-1.3.0\src\components</Filter>
    </ClInclude>
    <ClInclude Include="..\..\..\addons\ofxDatGui-1.3.0\src\components\ofxDatGuiTimeGraph.h">
      <Filter>addons\ofxDatGui-1.3.0\src\components</Filter>
    </ClInclude>
    <ClInclude Include="..\..\..\addons\ofxDatGui-1.3.0\src\core\ofxDatGuiComponent.h">
      <Filter>addons\ofxDatGui-1.3.0\src\core</Filter>
    </ClInclude>
    <ClInclude Include="..\..\..\addons\ofxDatGui-1.3.0\src\core\ofxDatGuiConstants.h">
      <Filter>addons\ofxDatGui-1.3.0\src\core</Filter>
    </ClInclude>
    <ClInclude Include="..\..\..\addons\ofxDatGui-1.3.0\src\core\ofxDatGuiEvents.h">
      <Filter>addons\ofxDatGui-1.3.0\src\core</Filter>
    </ClInclude>
    <ClInclude Include="..\..\..\addons\ofxDatGui-1.3.0\src\core\ofxDatGuiIntObject.h">
      <Filter>addons\ofxDatGui-1.3.0\src\core</Filter>
    </ClInclude>
    <ClInclude Include="..\..\..\addons\ofxDatGui-1.3.0\src\libs\ofxSmartFont\ofxSmartFont.h">
      <Filter>addons\ofxDatGui-1.3.0\src\libs\ofxSmartFont</Filter>
    </ClInclude>
    <ClInclude Include="..\..\..\addons\ofxDatGui-1.3.0\src\ofxDatGui.h">
      <Filter>addons\ofxDatGui-1.3.0\src</Filter>
    </ClInclude>
    <ClInclude Include="..\..\..\addons\ofxDatGui-1.3.0\src\themes\ofxDatGuiTheme.h">
      <Filter>addons\ofxDatGui-1.3.0\src\themes</Filter>
    </ClInclude>
    <ClInclude Include="..\..\..\addons\ofxDatGui-1.3.0\src\themes\ofxDatGuiThemes.h">
      <Filter>addons\ofxDatGui-1.3.0\src\themes</Filter>
    </ClInclude>
    <ClInclude Include="..\..\..\addons\ofxMidi-master\src\desktop\ofxRtMidiIn.h">
      <Filter>addons\ofxMidi-master\src\desktop</Filter>
    </ClInclude>
    <ClInclude Include="..\..\..\addons\ofxMidi-master\src\desktop\ofxRtMidiOut.h">
      <Filter>addons\ofxMidi-master\src\desktop</Filter>
    </ClInclude>
    <ClInclude Include="..\..\..\addons\ofxMidi-master\src\ofxBaseMidi.h">
      <Filter>addons\ofxMidi-master\src</Filter>
    </ClInclude>
    <ClInclude Include="..\..\..\addons\ofxMidi-master\src\ofxMidi.h">
      <Filter>addons\ofxMidi-master\src</Filter>
    </ClInclude>
    <ClInclude Include="..\..\..\addons\ofxMidi-master\src\ofxMidiClock.h">
      <Filter>addons\ofxMidi-master\src</Filter>
    </ClInclude>
    <ClInclude Include="..\..\..\addons\ofxMidi-master\src\ofxMidiConstants.h">
      <Filter>addons\ofxMidi-master\src</Filter>
    </ClInclude>
    <ClInclude Include="..\..\..\addons\ofxMidi-master\src\ofxMidiIn.h">
      <Filter>addons\ofxMidi-master\src</Filter>
    </ClInclude>
    <ClInclude Include="..\..\..\addons\ofxMidi-master\src\ofxMidiMessage.h">
      <Filter>addons\ofxMidi-master\src</Filter>
    </ClInclude>
    <ClInclude Include="..\..\..\addons\ofxMidi-master\src\ofxMidiOut.h">
      <Filter>addons\ofxMidi-master\src</Filter>
    </ClInclude>
    <ClInclude Include="..\..\..\addons\ofxMidi-master\src\ofxMidiTimecode.h">
      <Filter>addons\ofxMidi-master\src</Filter>
    </ClInclude>
    <ClInclude Include="..\..\..\addons\ofxMidi-master\src\ofxMidiTypes.h">
      <Filter>addons\ofxMidi-master\src</Filter>
    </ClInclude>
    <ClInclude Include="..\..\..\addons\ofxMidi-master\libs\rtmidi\RtMidi.h">
      <Filter>addons\ofxMidi-master\libs\rtmidi</Filter>
    </ClInclude>
    <ClInclude Include="..\..\..\addons\ofxOsc\src\ofxOsc.h">
      <Filter>addons\ofxOsc\src</Filter>
    </ClInclude>
    <ClInclude Include="..\..\..\addons\ofxOsc\src\ofxOscArg.h">
      <Filter>addons\ofxOsc\src</Filter>
    </ClInclude>
    <ClInclude Include="..\..\..\addons\ofxOsc\src\ofxOscBundle.h">
      <Filter>addons\ofxOsc\src</Filter>
    </ClInclude>
    <ClInclude Include="..\..\..\addons\ofxOsc\src\ofxOscMessage.h">
      <Filter>addons\ofxOsc\src</Filter>
    </ClInclude>
    <ClInclude Include="..\..\..\addons\ofxOsc\src\ofxOscParameterSync.h">
      <Filter>addons\ofxOsc\src</Filter>
    </ClInclude>
    <ClInclude Include="..\..\..\addons\ofxOsc\src\ofxOscReceiver.h">
      <Filter>addons\ofxOsc\src</Filter>
    </ClInclude>
    <ClInclude Include="..\..\..\addons\ofxOsc\src\ofxOscSender.h">
      <Filter>addons\ofxOsc\src</Filter>
    </ClInclude>
    <ClInclude Include="..\..\..\addons\ofxOsc\libs\oscpack\src\ip\IpEndpointName.h">
      <Filter>addons\ofxOsc\libs\oscpack\src\ip</Filter>
    </ClInclude>
    <ClInclude Include="..\..\..\addons\ofxOsc\libs\oscpack\src\ip\NetworkingUtils.h">
      <Filter>addons\ofxOsc\libs\oscpack\src\ip</Filter>
    </ClInclude>
    <ClInclude Include="..\..\..\addons\ofxOsc\libs\oscpack\src\ip\PacketListener.h">
      <Filter>addons\ofxOsc\libs\oscpack\src\ip</Filter>
    </ClInclude>
    <ClInclude Include="..\..\..\addons\ofxOsc\libs\oscpack\src\ip\TimerListener.h">
      <Filter>addons\ofxOsc\libs\oscpack\src\ip</Filter>
    </ClInclude>
    <ClInclude Include="..\..\..\addons\ofxOsc\libs\oscpack\src\ip\UdpSocket.h">
      <Filter>addons\ofxOsc\libs\oscpack\src\ip</Filter>
    </ClInclude>
    <ClInclude Include="..\..\..\addons\ofxOsc\libs\oscpack\src\osc\MessageMappingOscPacketListener.h">
      <Filter>addons\ofxOsc\libs\oscpack\src\osc</Filter>
    </ClInclude>
    <ClInclude Include="..\..\..\addons\ofxOsc\libs\oscpack\src\osc\OscException.h">
      <Filter>addons\ofxOsc\libs\oscpack\src\osc</Filter>
    </ClInclude>
    <ClInclude Include="..\..\..\addons\ofxOsc\libs\oscpack\src\osc\OscHostEndianness.h">
      <Filter>addons\ofxOsc\libs\oscpack\src\osc</Filter>
    </ClInclude>
    <ClInclude Include="..\..\..\addons\ofxOsc\libs\oscpack\src\osc\OscOutboundPacketStream.h">
      <Filter>addons\ofxOsc\libs\oscpack\src\osc</Filter>
    </ClInclude>
    <ClInclude Include="..\..\..\addons\ofxOsc\libs\oscpack\src\osc\OscPacketListener.h">
      <Filter>addons\ofxOsc\libs\oscpack\src\osc</Filter>
    </ClInclude>
    <ClInclude Include="..\..\..\addons\ofxOsc\libs\oscpack\src\osc\OscPrintReceivedElements.h">
      <Filter>addons\ofxOsc\libs\oscpack\src\osc</Filter>
    </ClInclude>
    <ClInclude Include="..\..\..\addons\ofxOsc\libs\oscpack\src\osc\OscReceivedElements.h">
      <Filter>addons\ofxOsc\libs\oscpack\src\osc</Filter>
    </ClInclude>
    <ClInclude Include="..\..\..\addons\ofxOsc\libs\oscpack\src\osc\OscTypes.h">
      <Filter>addons\ofxOsc\libs\oscpack\src\osc</Filter>
    </ClInclude>
    <ClInclude Include="..\..\..\addons\ofxPDSP-master\src\DSP\control\SequencerBridge.h">
      <Filter>addons\ofxPDSP-master\src\DSP\control</Filter>
    </ClInclude>
    <ClInclude Include="..\..\..\addons\ofxPDSP-master\src\DSP\control\SequencerGateOutput.h">
      <Filter>addons\ofxPDSP-master\src\DSP\control</Filter>
    </ClInclude>
    <ClInclude Include="..\..\..\addons\ofxPDSP-master\src\DSP\control\SequencerValueOutput.h">
      <Filter>addons\ofxPDSP-master\src\DSP\control</Filter>
    </ClInclude>
    <ClInclude Include="..\..\..\addons\ofxPDSP-master\src\DSP\control\ToGateTrigger.h">
      <Filter>addons\ofxPDSP-master\src\DSP\control</Filter>
    </ClInclude>
    <ClInclude Include="..\..\..\addons\ofxPDSP-master\src\DSP\control\TriggerControl.h">
      <Filter>addons\ofxPDSP-master\src\DSP\control</Filter>
    </ClInclude>
    <ClInclude Include="..\..\..\addons\ofxPDSP-master\src\DSP\control\TriggerGeiger.h">
      <Filter>addons\ofxPDSP-master\src\DSP\control</Filter>
    </ClInclude>
    <ClInclude Include="..\..\..\addons\ofxPDSP-master\src\DSP\control\ValueControl.h">
      <Filter>addons\ofxPDSP-master\src\DSP\control</Filter>
    </ClInclude>
    <ClInclude Include="..\..\..\addons\ofxPDSP-master\src\DSP\convolution\FDLConvolver.h">
      <Filter>addons\ofxPDSP-master\src\DSP\convolution</Filter>
    </ClInclude>
    <ClInclude Include="..\..\..\addons\ofxPDSP-master\src\DSP\core\Amp.h">
      <Filter>addons\ofxPDSP-master\src\DSP\core</Filter>
    </ClInclude>
    <ClInclude Include="..\..\..\addons\ofxPDSP-master\src\DSP\core\BasicNodes.h">
      <Filter>addons\ofxPDSP-master\src\DSP\core</Filter>
    </ClInclude>
    <ClInclude Include="..\..\..\addons\ofxPDSP-master\src\DSP\core\BufferShell.h">
      <Filter>addons\ofxPDSP-master\src\DSP\core</Filter>
    </ClInclude>
    <ClInclude Include="..\..\..\addons\ofxPDSP-master\src\DSP\core\ExternalInput.h">
      <Filter>addons\ofxPDSP-master\src\DSP\core</Filter>
    </ClInclude>
    <ClInclude Include="..\..\..\addons\ofxPDSP-master\src\DSP\core\Formula.h">
      <Filter>addons\ofxPDSP-master\src\DSP\core</Filter>
    </ClInclude>
    <ClInclude Include="..\..\..\addons\ofxPDSP-master\src\DSP\core\leftSum.h">
      <Filter>addons\ofxPDSP-master\src\DSP\core</Filter>
    </ClInclude>
    <ClInclude Include="..\..\..\addons\ofxPDSP-master\src\DSP\core\operators.h">
      <Filter>addons\ofxPDSP-master\src\DSP\core</Filter>
    </ClInclude>
    <ClInclude Include="..\..\..\addons\ofxPDSP-master\src\DSP\core\PatchNode.h">
      <Filter>addons\ofxPDSP-master\src\DSP\core</Filter>
    </ClInclude>
    <ClInclude Include="..\..\..\addons\ofxPDSP-master\src\DSP\core\Preparable.h">
      <Filter>addons\ofxPDSP-master\src\DSP\core</Filter>
    </ClInclude>
    <ClInclude Include="..\..\..\addons\ofxPDSP-master\src\DSP\core\Processor.h">
      <Filter>addons\ofxPDSP-master\src\DSP\core</Filter>
    </ClInclude>
    <ClInclude Include="..\..\..\addons\ofxPDSP-master\src\DSP\core\Switch.h">
      <Filter>addons\ofxPDSP-master\src\DSP\core</Filter>
    </ClInclude>
    <ClInclude Include="..\..\..\addons\ofxPDSP-master\src\DSP\delays\AllPassDelay.h">
      <Filter>addons\ofxPDSP-master\src\DSP\delays</Filter>
    </ClInclude>
    <ClInclude Include="..\..\..\addons\ofxPDSP-master\src\DSP\delays\Delay.h">
      <Filter>addons\ofxPDSP-master\src\DSP\delays</Filter>
    </ClInclude>
    <ClInclude Include="..\..\..\addons\ofxPDSP-master\src\DSP\delays\SRDelay.h">
      <Filter>addons\ofxPDSP-master\src\DSP\delays</Filter>
    </ClInclude>
    <ClInclude Include="..\..\..\addons\ofxPDSP-master\src\DSP\dynamics\AbsoluteValue.h">
      <Filter>addons\ofxPDSP-master\src\DSP\dynamics</Filter>
    </ClInclude>
    <ClInclude Include="..\..\..\addons\ofxPDSP-master\src\DSP\dynamics\EnvelopeFollower.h">
      <Filter>addons\ofxPDSP-master\src\DSP\dynamics</Filter>
    </ClInclude>
    <ClInclude Include="..\..\..\addons\ofxPDSP-master\src\DSP\dynamics\GainComputer.h">
      <Filter>addons\ofxPDSP-master\src\DSP\dynamics</Filter>
    </ClInclude>
    <ClInclude Include="..\..\..\addons\ofxPDSP-master\src\DSP\dynamics\LHDelay.h">
      <Filter>addons\ofxPDSP-master\src\DSP\dynamics</Filter>
    </ClInclude>
    <ClInclude Include="..\..\..\addons\ofxPDSP-master\src\DSP\dynamics\PositiveValue.h">
      <Filter>addons\ofxPDSP-master\src\DSP\dynamics</Filter>
    </ClInclude>
    <ClInclude Include="..\..\..\addons\ofxPDSP-master\src\DSP\dynamics\RMSDetector.h">
      <Filter>addons\ofxPDSP-master\src\DSP\dynamics</Filter>
    </ClInclude>
    <ClInclude Include="..\..\..\addons\ofxPDSP-master\src\DSP\dynamics\SquarePeakDetector.h">
      <Filter>addons\ofxPDSP-master\src\DSP\dynamics</Filter>
    </ClInclude>
    <ClInclude Include="..\..\..\addons\ofxPDSP-master\src\DSP\envelopes\ADSR.h">
      <Filter>addons\ofxPDSP-master\src\DSP\envelopes</Filter>
    </ClInclude>
    <ClInclude Include="..\..\..\addons\ofxPDSP-master\src\DSP\envelopes\AHR.h">
      <Filter>addons\ofxPDSP-master\src\DSP\envelopes</Filter>
    </ClInclude>
    <ClInclude Include="..\..\..\addons\ofxPDSP-master\src\DSP\envelopes\stages\AttackStage.h">
      <Filter>addons\ofxPDSP-master\src\DSP\envelopes\stages</Filter>
    </ClInclude>
    <ClInclude Include="..\..\..\addons\ofxPDSP-master\src\DSP\envelopes\stages\DecayStage.h">
      <Filter>addons\ofxPDSP-master\src\DSP\envelopes\stages</Filter>
    </ClInclude>
    <ClInclude Include="..\..\..\addons\ofxPDSP-master\src\DSP\envelopes\stages\EnvelopeStage.h">
      <Filter>addons\ofxPDSP-master\src\DSP\envelopes\stages</Filter>
    </ClInclude>
    <ClInclude Include="..\..\..\addons\ofxPDSP-master\src\DSP\envelopes\stages\HoldStage.h">
      <Filter>addons\ofxPDSP-master\src\DSP\envelopes\stages</Filter>
    </ClInclude>
    <ClInclude Include="..\..\..\addons\ofxPDSP-master\src\DSP\envelopes\stages\ReleaseStage.h">
      <Filter>addons\ofxPDSP-master\src\DSP\envelopes\stages</Filter>
    </ClInclude>
    <ClInclude Include="..\..\..\addons\ofxPDSP-master\src\DSP\envelopes\stages\RiseStage.h">
      <Filter>addons\ofxPDSP-master\src\DSP\envelopes\stages</Filter>
    </ClInclude>
    <ClInclude Include="..\..\..\addons\ofxPDSP-master\src\DSP\envelopes\stages\SustainStage.h">
      <Filter>addons\ofxPDSP-master\src\DSP\envelopes\stages</Filter>
    </ClInclude>
    <ClInclude Include="..\..\..\addons\ofxPDSP-master\src\DSP\filters\APF1.h">
      <Filter>addons\ofxPDSP-master\src\DSP\filters</Filter>
    </ClInclude>
    <ClInclude Include="..\..\..\addons\ofxPDSP-master\src\DSP\filters\APF4.h">
      <Filter>addons\ofxPDSP-master\src\DSP\filters</Filter>
    </ClInclude>
    <ClInclude Include="..\..\..\addons\ofxPDSP-master\src\DSP\filters\biquads\BiquadAPF2.h">
      <Filter>addons\ofxPDSP-master\src\DSP\filters\biquads</Filter>
    </ClInclude>
    <ClInclude Include="..\..\..\addons\ofxPDSP-master\src\DSP\filters\biquads\BiquadBase.h">
      <Filter>addons\ofxPDSP-master\src\DSP\filters\biquads</Filter>
    </ClInclude>
    <ClInclude Include="..\..\..\addons\ofxPDSP-master\src\DSP\filters\biquads\BiquadBPF2.h">
      <Filter>addons\ofxPDSP-master\src\DSP\filters\biquads</Filter>
    </ClInclude>
    <ClInclude Include="..\..\..\addons\ofxPDSP-master\src\DSP\filters\biquads\BiquadHighShelf.h">
      <Filter>addons\ofxPDSP-master\src\DSP\filters\biquads</Filter>
    </ClInclude>
    <ClInclude Include="..\..\..\addons\ofxPDSP-master\src\DSP\filters\biquads\BiquadHPF2.h">
      <Filter>addons\ofxPDSP-master\src\DSP\filters\biquads</Filter>
    </ClInclude>
    <ClInclude Include="..\..\..\addons\ofxPDSP-master\src\DSP\filters\biquads\BiquadLowShelf.h">
      <Filter>addons\ofxPDSP-master\src\DSP\filters\biquads</Filter>
    </ClInclude>
    <ClInclude Include="..\..\..\addons\ofxPDSP-master\src\DSP\filters\biquads\BiquadLPF2.h">
      <Filter>addons\ofxPDSP-master\src\DSP\filters\biquads</Filter>
    </ClInclude>
    <ClInclude Include="..\..\..\addons\ofxPDSP-master\src\DSP\filters\biquads\BiquadNotch2.h">
      <Filter>addons\ofxPDSP-master\src\DSP\filters\biquads</Filter>
    </ClInclude>
    <ClInclude Include="..\..\..\addons\ofxPDSP-master\src\DSP\filters\biquads\BiquadPeakEQ.h">
      <Filter>addons\ofxPDSP-master\src\DSP\filters\biquads</Filter>
    </ClInclude>
    <ClInclude Include="..\..\..\addons\ofxPDSP-master\src\DSP\filters\MultiLadder4.h">
      <Filter>addons\ofxPDSP-master\src\DSP\filters</Filter>
    </ClInclude>
    <ClInclude Include="..\..\..\addons\ofxPDSP-master\src\DSP\filters\OnePole.h">
      <Filter>addons\ofxPDSP-master\src\DSP\filters</Filter>
    </ClInclude>
    <ClInclude Include="..\..\..\addons\ofxPDSP-master\src\DSP\filters\SVF2.h">
      <Filter>addons\ofxPDSP-master\src\DSP\filters</Filter>
    </ClInclude>
    <ClInclude Include="..\..\..\addons\ofxPDSP-master\src\DSP\header.h">
      <Filter>addons\ofxPDSP-master\src\DSP</Filter>
    </ClInclude>
    <ClInclude Include="..\..\..\addons\ofxPDSP-master\src\DSP\helpers\FFTWorker.h">
      <Filter>addons\ofxPDSP-master\src\DSP\helpers</Filter>
    </ClInclude>
    <ClInclude Include="..\..\..\addons\ofxPDSP-master\src\DSP\helpers\UsesSlew.h">
      <Filter>addons\ofxPDSP-master\src\DSP\helpers</Filter>
    </ClInclude>
    <ClInclude Include="..\..\..\addons\ofxPDSP-master\src\DSP\oscillators\antialiased\BLEP\BLEPBased.h">
      <Filter>addons\ofxPDSP-master\src\DSP\oscillators\antialiased\BLEP</Filter>
    </ClInclude>
    <ClInclude Include="..\..\..\addons\ofxPDSP-master\src\DSP\oscillators\antialiased\BLEP\BLEPFunc.h">
      <Filter>addons\ofxPDSP-master\src\DSP\oscillators\antialiased\BLEP</Filter>
    </ClInclude>
    <ClInclude Include="..\..\..\addons\ofxPDSP-master\src\DSP\oscillators\antialiased\BLEP\BLEPTable.h">
      <Filter>addons\ofxPDSP-master\src\DSP\oscillators\antialiased\BLEP</Filter>
    </ClInclude>
    <ClInclude Include="..\..\..\addons\ofxPDSP-master\src\DSP\oscillators\antialiased\BLEPSaw.h">
      <Filter>addons\ofxPDSP-master\src\DSP\oscillators\antialiased</Filter>
    </ClInclude>
    <ClInclude Include="..\..\..\addons\ofxPDSP-master\src\DSP\oscillators\antialiased\DPWTri.h">
      <Filter>addons\ofxPDSP-master\src\DSP\oscillators\antialiased</Filter>
    </ClInclude>
    <ClInclude Include="..\..\..\addons\ofxPDSP-master\src\DSP\oscillators\base\Oscillator.h">
      <Filter>addons\ofxPDSP-master\src\DSP\oscillators\base</Filter>
    </ClInclude>
    <ClInclude Include="..\..\..\addons\ofxPDSP-master\src\DSP\oscillators\base\OscillatorVariShape.h">
      <Filter>addons\ofxPDSP-master\src\DSP\oscillators\base</Filter>
    </ClInclude>
    <ClInclude Include="..\..\..\addons\ofxPDSP-master\src\DSP\oscillators\cheap\CheapPulse.h">
      <Filter>addons\ofxPDSP-master\src\DSP\oscillators\cheap</Filter>
    </ClInclude>
    <ClInclude Include="..\..\..\addons\ofxPDSP-master\src\DSP\oscillators\cheap\CheapSaw.h">
      <Filter>addons\ofxPDSP-master\src\DSP\oscillators\cheap</Filter>
    </ClInclude>
    <ClInclude Include="..\..\..\addons\ofxPDSP-master\src\DSP\oscillators\cheap\CheapSine.h">
      <Filter>addons\ofxPDSP-master\src\DSP\oscillators\cheap</Filter>
    </ClInclude>
    <ClInclude Include="..\..\..\addons\ofxPDSP-master\src\DSP\oscillators\cheap\CheapTri.h">
      <Filter>addons\ofxPDSP-master\src\DSP\oscillators\cheap</Filter>
    </ClInclude>
    <ClInclude Include="..\..\..\addons\ofxPDSP-master\src\DSP\oscillators\fm\SineFB.h">
      <Filter>addons\ofxPDSP-master\src\DSP\oscillators\fm</Filter>
    </ClInclude>
    <ClInclude Include="..\..\..\addons\ofxPDSP-master\src\DSP\oscillators\phasors\ClockedPhasor.h">
      <Filter>addons\ofxPDSP-master\src\DSP\oscillators\phasors</Filter>
    </ClInclude>
    <ClInclude Include="..\..\..\addons\ofxPDSP-master\src\DSP\oscillators\phasors\LFOPhasor.h">
      <Filter>addons\ofxPDSP-master\src\DSP\oscillators\phasors</Filter>
    </ClInclude>
    <ClInclude Include="..\..\..\addons\ofxPDSP-master\src\DSP\oscillators\phasors\PhasorShifter.h">
      <Filter>addons\ofxPDSP-master\src\DSP\oscillators\phasors</Filter>
    </ClInclude>
    <ClInclude Include="..\..\..\addons\ofxPDSP-master\src\DSP\oscillators\phasors\PMPhasor.h">
      <Filter>addons\ofxPDSP-master\src\DSP\oscillators\phasors</Filter>
    </ClInclude>
    <ClInclude Include="..\..\..\addons\ofxPDSP-master\src\DSP\oscillators\wavetable\DataOsc.h">
      <Filter>addons\ofxPDSP-master\src\DSP\oscillators\wavetable</Filter>
    </ClInclude>
    <ClInclude Include="..\..\..\addons\ofxPDSP-master\src\DSP\oscillators\wavetable\DataTable.h">
      <Filter>addons\ofxPDSP-master\src\DSP\oscillators\wavetable</Filter>
    </ClInclude>
    <ClInclude Include="..\..\..\addons\ofxPDSP-master\src\DSP\oscillators\wavetable\WaveTable.h">
      <Filter>addons\ofxPDSP-master\src\DSP\oscillators\wavetable</Filter>
    </ClInclude>
    <ClInclude Include="..\..\..\addons\ofxPDSP-master\src\DSP\oscillators\wavetable\WaveTableOsc.h">
      <Filter>addons\ofxPDSP-master\src\DSP\oscillators\wavetable</Filter>
    </ClInclude>
    <ClInclude Include="..\..\..\addons\ofxPDSP-master\src\DSP\pdspConstants.h">
      <Filter>addons\ofxPDSP-master\src\DSP</Filter>
    </ClInclude>
    <ClInclude Include="..\..\..\addons\ofxPDSP-master\src\DSP\pdspCore.h">
      <Filter>addons\ofxPDSP-master\src\DSP</Filter>
    </ClInclude>
    <ClInclude Include="..\..\..\addons\ofxPDSP-master\src\DSP\pdspFunctions.h">
      <Filter>addons\ofxPDSP-master\src\DSP</Filter>
    </ClInclude>
    <ClInclude Include="..\..\..\addons\ofxPDSP-master\src\DSP\random\TriggeredRandom.h">
      <Filter>addons\ofxPDSP-master\src\DSP\random</Filter>
    </ClInclude>
    <ClInclude Include="..\..\..\addons\ofxPDSP-master\src\DSP\random\WhiteNoise.h">
      <Filter>addons\ofxPDSP-master\src\DSP\random</Filter>
    </ClInclude>
    <ClInclude Include="..\..\..\addons\ofxPDSP-master\src\DSP\resamplers\BandLimit.h">
      <Filter>addons\ofxPDSP-master\src\DSP\resamplers</Filter>
    </ClInclude>
    <ClInclude Include="..\..\..\addons\ofxPDSP-master\src\DSP\resamplers\DownSampler.h">
      <Filter>addons\ofxPDSP-master\src\DSP\resamplers</Filter>
    </ClInclude>
    <ClInclude Include="..\..\..\addons\ofxPDSP-master\src\DSP\resamplers\IIRDownSampler2x.h">
      <Filter>addons\ofxPDSP-master\src\DSP\resamplers</Filter>
    </ClInclude>
    <ClInclude Include="..\..\..\addons\ofxPDSP-master\src\DSP\resamplers\IIRUpSampler2x.h">
      <Filter>addons\ofxPDSP-master\src\DSP\resamplers</Filter>
    </ClInclude>
    <ClInclude Include="..\..\..\addons\ofxPDSP-master\src\DSP\resamplers\resamplers.h">
      <Filter>addons\ofxPDSP-master\src\DSP\resamplers</Filter>
    </ClInclude>
    <ClInclude Include="..\..\..\addons\ofxPDSP-master\src\DSP\resamplers\UpSampler.h">
      <Filter>addons\ofxPDSP-master\src\DSP\resamplers</Filter>
    </ClInclude>
    <ClInclude Include="..\..\..\addons\ofxPDSP-master\src\DSP\resamplers\ZeroDownSampler.h">
      <Filter>addons\ofxPDSP-master\src\DSP\resamplers</Filter>
    </ClInclude>
    <ClInclude Include="..\..\..\addons\ofxPDSP-master\src\DSP\resamplers\ZeroUpSampler.h">
      <Filter>addons\ofxPDSP-master\src\DSP\resamplers</Filter>
    </ClInclude>
    <ClInclude Include="..\..\..\addons\ofxPDSP-master\src\DSP\samplers\grain\GrainBased.h">
      <Filter>addons\ofxPDSP-master\src\DSP\samplers\grain</Filter>
    </ClInclude>
    <ClInclude Include="..\..\..\addons\ofxPDSP-master\src\DSP\samplers\grain\GrainTable.h">
      <Filter>addons\ofxPDSP-master\src\DSP\samplers\grain</Filter>
    </ClInclude>
    <ClInclude Include="..\..\..\addons\ofxPDSP-master\src\DSP\samplers\GrainWindow.h">
      <Filter>addons\ofxPDSP-master\src\DSP\samplers</Filter>
    </ClInclude>
    <ClInclude Include="..\..\..\addons\ofxPDSP-master\src\DSP\samplers\SampleBuffer.h">
      <Filter>addons\ofxPDSP-master\src\DSP\samplers</Filter>
    </ClInclude>
    <ClInclude Include="..\..\..\addons\ofxPDSP-master\src\DSP\samplers\Sampler.h">
      <Filter>addons\ofxPDSP-master\src\DSP\samplers</Filter>
    </ClInclude>
    <ClInclude Include="..\..\..\addons\ofxPDSP-master\src\DSP\signal\Bitcruncher.h">
      <Filter>addons\ofxPDSP-master\src\DSP\signal</Filter>
    </ClInclude>
    <ClInclude Include="..\..\..\addons\ofxPDSP-master\src\DSP\signal\Decimator.h">
      <Filter>addons\ofxPDSP-master\src\DSP\signal</Filter>
    </ClInclude>
    <ClInclude Include="..\..\..\addons\ofxPDSP-master\src\DSP\signal\SampleAndHold.h">
      <Filter>addons\ofxPDSP-master\src\DSP\signal</Filter>
    </ClInclude>
    <ClInclude Include="..\..\..\addons\ofxPDSP-master\src\DSP\signal\Saturator1.h">
      <Filter>addons\ofxPDSP-master\src\DSP\signal</Filter>
    </ClInclude>
    <ClInclude Include="..\..\..\addons\ofxPDSP-master\src\DSP\signal\Saturator2.h">
      <Filter>addons\ofxPDSP-master\src\DSP\signal</Filter>
    </ClInclude>
    <ClInclude Include="..\..\..\addons\ofxPDSP-master\src\DSP\signal\SoftClip.h">
      <Filter>addons\ofxPDSP-master\src\DSP\signal</Filter>
    </ClInclude>
    <ClInclude Include="..\..\..\addons\ofxPDSP-master\src\DSP\utility\BipolarToUnipolar.h">
      <Filter>addons\ofxPDSP-master\src\DSP\utility</Filter>
    </ClInclude>
    <ClInclude Include="..\..\..\addons\ofxPDSP-master\src\DSP\utility\DBtoLin.h">
      <Filter>addons\ofxPDSP-master\src\DSP\utility</Filter>
    </ClInclude>
    <ClInclude Include="..\..\..\addons\ofxPDSP-master\src\DSP\utility\FreqToMs.h">
      <Filter>addons\ofxPDSP-master\src\DSP\utility</Filter>
    </ClInclude>
    <ClInclude Include="..\..\..\addons\ofxPDSP-master\src\DSP\utility\LinToDB.h">
      <Filter>addons\ofxPDSP-master\src\DSP\utility</Filter>
    </ClInclude>
    <ClInclude Include="..\..\..\addons\ofxPDSP-master\src\DSP\utility\MaxValue.h">
      <Filter>addons\ofxPDSP-master\src\DSP\utility</Filter>
    </ClInclude>
    <ClInclude Include="..\..\..\addons\ofxPDSP-master\src\DSP\utility\OneBarTimeMs.h">
      <Filter>addons\ofxPDSP-master\src\DSP\utility</Filter>
    </ClInclude>
    <ClInclude Include="..\..\..\addons\ofxPDSP-master\src\DSP\utility\OneMinusInput.h">
      <Filter>addons\ofxPDSP-master\src\DSP\utility</Filter>
    </ClInclude>
    <ClInclude Include="..\..\..\addons\ofxPDSP-master\src\DSP\utility\PitchToFreq.h">
      <Filter>addons\ofxPDSP-master\src\DSP\utility</Filter>
    </ClInclude>
    <ClInclude Include="..\..\..\addons\ofxPDSP-master\src\DSP\utility\SamplesDelay.h">
      <Filter>addons\ofxPDSP-master\src\DSP\utility</Filter>
    </ClInclude>
    <ClInclude Include="..\..\..\addons\ofxPDSP-master\src\flags.h">
      <Filter>addons\ofxPDSP-master\src</Filter>
    </ClInclude>
    <ClInclude Include="..\..\..\addons\ofxPDSP-master\src\math\dsphelpers\calculateGainReduction.h">
      <Filter>addons\ofxPDSP-master\src\math\dsphelpers</Filter>
    </ClInclude>
    <ClInclude Include="..\..\..\addons\ofxPDSP-master\src\math\dsphelpers\genPulse.h">
      <Filter>addons\ofxPDSP-master\src\math\dsphelpers</Filter>
    </ClInclude>
    <ClInclude Include="..\..\..\addons\ofxPDSP-master\src\math\dsphelpers\genSaw.h">
      <Filter>addons\ofxPDSP-master\src\math\dsphelpers</Filter>
    </ClInclude>
    <ClInclude Include="..\..\..\addons\ofxPDSP-master\src\math\dsphelpers\genTriangle.h">
      <Filter>addons\ofxPDSP-master\src\math\dsphelpers</Filter>
    </ClInclude>
    <ClInclude Include="..\..\..\addons\ofxPDSP-master\src\math\dsphelpers\incrementCalculator.h">
      <Filter>addons\ofxPDSP-master\src\math\dsphelpers</Filter>
    </ClInclude>
    <ClInclude Include="..\..\..\addons\ofxPDSP-master\src\math\dsphelpers\nonlinear1.h">
      <Filter>addons\ofxPDSP-master\src\math\dsphelpers</Filter>
    </ClInclude>
    <ClInclude Include="..\..\..\addons\ofxPDSP-master\src\math\dsphelpers\phazorShifter.h">
      <Filter>addons\ofxPDSP-master\src\math\dsphelpers</Filter>
    </ClInclude>
    <ClInclude Include="..\..\..\addons\ofxPDSP-master\src\math\dsphelpers\sanity_check.h">
      <Filter>addons\ofxPDSP-master\src\math\dsphelpers</Filter>
    </ClInclude>
    <ClInclude Include="..\..\..\addons\ofxPDSP-master\src\math\dsphelpers\warpCutoff.h">
      <Filter>addons\ofxPDSP-master\src\math\dsphelpers</Filter>
    </ClInclude>
    <ClInclude Include="..\..\..\addons\ofxPDSP-master\src\math\fft\complex_mult_add.h">
      <Filter>addons\ofxPDSP-master\src\math\fft</Filter>
    </ClInclude>
    <ClInclude Include="..\..\..\addons\ofxPDSP-master\src\math\fft\include_audiofft.h">
      <Filter>addons\ofxPDSP-master\src\math\fft</Filter>
    </ClInclude>
    <ClInclude Include="..\..\..\addons\ofxPDSP-master\src\math\functions.h">
      <Filter>addons\ofxPDSP-master\src\math</Filter>
    </ClInclude>
    <ClInclude Include="..\..\..\addons\ofxPDSP-master\src\math\header.h">
      <Filter>addons\ofxPDSP-master\src\math</Filter>
    </ClInclude>
    <ClInclude Include="..\..\..\addons\ofxPDSP-master\src\math\interpolation\cosine.h">
      <Filter>addons\ofxPDSP-master\src\math\interpolation</Filter>
    </ClInclude>
    <ClInclude Include="..\..\..\addons\ofxPDSP-master\src\math\interpolation\cubic.h">
      <Filter>addons\ofxPDSP-master\src\math\interpolation</Filter>
    </ClInclude>
    <ClInclude Include="..\..\..\addons\ofxPDSP-master\src\math\interpolation\hermite.h">
      <Filter>addons\ofxPDSP-master\src\math\interpolation</Filter>
    </ClInclude>
    <ClInclude Include="..\..\..\addons\ofxPDSP-master\src\math\interpolation\linear.h">
      <Filter>addons\ofxPDSP-master\src\math\interpolation</Filter>
    </ClInclude>
    <ClInclude Include="..\..\..\addons\ofxPDSP-master\src\math\interpolation\smooth.h">
      <Filter>addons\ofxPDSP-master\src\math\interpolation</Filter>
    </ClInclude>
    <ClInclude Include="..\..\..\addons\ofxPDSP-master\src\math\random\random.h">
      <Filter>addons\ofxPDSP-master\src\math\random</Filter>
    </ClInclude>
    <ClInclude Include="..\..\..\addons\ofxPDSP-master\src\math\simd\core\activate.h">
      <Filter>addons\ofxPDSP-master\src\math\simd\core</Filter>
    </ClInclude>
    <ClInclude Include="..\..\..\addons\ofxPDSP-master\src\math\simd\core\allocator.h">
      <Filter>addons\ofxPDSP-master\src\math\simd\core</Filter>
    </ClInclude>
    <ClInclude Include="..\..\..\addons\ofxPDSP-master\src\math\simd\core\flags.h">
      <Filter>addons\ofxPDSP-master\src\math\simd\core</Filter>
    </ClInclude>
    <ClInclude Include="..\..\..\addons\ofxPDSP-master\src\math\simd\core\inlines.h">
      <Filter>addons\ofxPDSP-master\src\math\simd\core</Filter>
    </ClInclude>
    <ClInclude Include="..\..\..\addons\ofxPDSP-master\src\math\simd\functions\floor.h">
      <Filter>addons\ofxPDSP-master\src\math\simd\functions</Filter>
    </ClInclude>
    <ClInclude Include="..\..\..\addons\ofxPDSP-master\src\math\simd\functions\mathfun\mathfun_NEON.h">
      <Filter>addons\ofxPDSP-master\src\math\simd\functions\mathfun</Filter>
    </ClInclude>
    <ClInclude Include="..\..\..\addons\ofxPDSP-master\src\math\simd\functions\mathfun\mathfun_SSE2.h">
      <Filter>addons\ofxPDSP-master\src\math\simd\functions\mathfun</Filter>
    </ClInclude>
    <ClInclude Include="..\..\..\addons\ofxPDSP-master\src\math\simd\functions\mathfun.h">
      <Filter>addons\ofxPDSP-master\src\math\simd\functions</Filter>
    </ClInclude>
    <ClInclude Include="..\..\..\addons\ofxPDSP-master\src\math\simd\functions\simd_wrapper.h">
      <Filter>addons\ofxPDSP-master\src\math\simd\functions</Filter>
    </ClInclude>
    <ClInclude Include="..\..\..\addons\ofxPDSP-master\src\math\simd\functions\ternaryOp.h">
      <Filter>addons\ofxPDSP-master\src\math\simd\functions</Filter>
    </ClInclude>
    <ClInclude Include="..\..\..\addons\ofxPDSP-master\src\math\simd\functions.h">
      <Filter>addons\ofxPDSP-master\src\math\simd</Filter>
    </ClInclude>
    <ClInclude Include="..\..\..\addons\ofxPDSP-master\src\math\simd\header.h">
      <Filter>addons\ofxPDSP-master\src\math\simd</Filter>
    </ClInclude>
    <ClInclude Include="..\..\..\addons\ofxPDSP-master\src\math\simd\kernels\inline_logSB.h">
      <Filter>addons\ofxPDSP-master\src\math\simd\kernels</Filter>
    </ClInclude>
    <ClInclude Include="..\..\..\addons\ofxPDSP-master\src\math\simd\kernels\inline_powSB.h">
      <Filter>addons\ofxPDSP-master\src\math\simd\kernels</Filter>
    </ClInclude>
    <ClInclude Include="..\..\..\addons\ofxPDSP-master\src\math\simd\kernels\inline_ramp.h">
      <Filter>addons\ofxPDSP-master\src\math\simd\kernels</Filter>
    </ClInclude>
    <ClInclude Include="..\..\..\addons\ofxPDSP-master\src\math\simd\kernels\kernel_1divB.h">
      <Filter>addons\ofxPDSP-master\src\math\simd\kernels</Filter>
    </ClInclude>
    <ClInclude Include="..\..\..\addons\ofxPDSP-master\src\math\simd\kernels\kernel_absB.h">
      <Filter>addons\ofxPDSP-master\src\math\simd\kernels</Filter>
    </ClInclude>
    <ClInclude Include="..\..\..\addons\ofxPDSP-master\src\math\simd\kernels\kernel_B.h">
      <Filter>addons\ofxPDSP-master\src\math\simd\kernels</Filter>
    </ClInclude>
    <ClInclude Include="..\..\..\addons\ofxPDSP-master\src\math\simd\kernels\kernel_BaddC.h">
      <Filter>addons\ofxPDSP-master\src\math\simd\kernels</Filter>
    </ClInclude>
    <ClInclude Include="..\..\..\addons\ofxPDSP-master\src\math\simd\kernels\kernel_BaddS.h">
      <Filter>addons\ofxPDSP-master\src\math\simd\kernels</Filter>
    </ClInclude>
    <ClInclude Include="..\..\..\addons\ofxPDSP-master\src\math\simd\kernels\kernel_Badd_CmulS.h">
      <Filter>addons\ofxPDSP-master\src\math\simd\kernels</Filter>
    </ClInclude>
    <ClInclude Include="..\..\..\addons\ofxPDSP-master\src\math\simd\kernels\kernel_BdivC.h">
      <Filter>addons\ofxPDSP-master\src\math\simd\kernels</Filter>
    </ClInclude>
    <ClInclude Include="..\..\..\addons\ofxPDSP-master\src\math\simd\kernels\kernel_BmulC.h">
      <Filter>addons\ofxPDSP-master\src\math\simd\kernels</Filter>
    </ClInclude>
    <ClInclude Include="..\..\..\addons\ofxPDSP-master\src\math\simd\kernels\kernel_BmulS.h">
      <Filter>addons\ofxPDSP-master\src\math\simd\kernels</Filter>
    </ClInclude>
    <ClInclude Include="..\..\..\addons\ofxPDSP-master\src\math\simd\kernels\kernel_BsubC.h">
      <Filter>addons\ofxPDSP-master\src\math\simd\kernels</Filter>
    </ClInclude>
    <ClInclude Include="..\..\..\addons\ofxPDSP-master\src\math\simd\kernels\kernel_BsubS.h">
      <Filter>addons\ofxPDSP-master\src\math\simd\kernels</Filter>
    </ClInclude>
    <ClInclude Include="..\..\..\addons\ofxPDSP-master\src\math\simd\kernels\kernel_clipB.h">
      <Filter>addons\ofxPDSP-master\src\math\simd\kernels</Filter>
    </ClInclude>
    <ClInclude Include="..\..\..\addons\ofxPDSP-master\src\math\simd\kernels\kernel_cosB.h">
      <Filter>addons\ofxPDSP-master\src\math\simd\kernels</Filter>
    </ClInclude>
    <ClInclude Include="..\..\..\addons\ofxPDSP-master\src\math\simd\kernels\kernel_expB.h">
      <Filter>addons\ofxPDSP-master\src\math\simd\kernels</Filter>
    </ClInclude>
    <ClInclude Include="..\..\..\addons\ofxPDSP-master\src\math\simd\kernels\kernel_floorB.h">
      <Filter>addons\ofxPDSP-master\src\math\simd\kernels</Filter>
    </ClInclude>
    <ClInclude Include="..\..\..\addons\ofxPDSP-master\src\math\simd\kernels\kernel_logB.h">
      <Filter>addons\ofxPDSP-master\src\math\simd\kernels</Filter>
    </ClInclude>
    <ClInclude Include="..\..\..\addons\ofxPDSP-master\src\math\simd\kernels\kernel_maxBC.h">
      <Filter>addons\ofxPDSP-master\src\math\simd\kernels</Filter>
    </ClInclude>
    <ClInclude Include="..\..\..\addons\ofxPDSP-master\src\math\simd\kernels\kernel_maxBS.h">
      <Filter>addons\ofxPDSP-master\src\math\simd\kernels</Filter>
    </ClInclude>
    <ClInclude Include="..\..\..\addons\ofxPDSP-master\src\math\simd\kernels\kernel_minBC.h">
      <Filter>addons\ofxPDSP-master\src\math\simd\kernels</Filter>
    </ClInclude>
    <ClInclude Include="..\..\..\addons\ofxPDSP-master\src\math\simd\kernels\kernel_minBS.h">
      <Filter>addons\ofxPDSP-master\src\math\simd\kernels</Filter>
    </ClInclude>
    <ClInclude Include="..\..\..\addons\ofxPDSP-master\src\math\simd\kernels\kernel_negB.h">
      <Filter>addons\ofxPDSP-master\src\math\simd\kernels</Filter>
    </ClInclude>
    <ClInclude Include="..\..\..\addons\ofxPDSP-master\src\math\simd\kernels\kernel_S.h">
      <Filter>addons\ofxPDSP-master\src\math\simd\kernels</Filter>
    </ClInclude>
    <ClInclude Include="..\..\..\addons\ofxPDSP-master\src\math\simd\kernels\kernel_sinB.h">
      <Filter>addons\ofxPDSP-master\src\math\simd\kernels</Filter>
    </ClInclude>
    <ClInclude Include="..\..\..\addons\ofxPDSP-master\src\math\simd\kernels\kernel_sqrtB.h">
      <Filter>addons\ofxPDSP-master\src\math\simd\kernels</Filter>
    </ClInclude>
    <ClInclude Include="..\..\..\addons\ofxPDSP-master\src\math\simd\kernels\kernel_SsubB.h">
      <Filter>addons\ofxPDSP-master\src\math\simd\kernels</Filter>
    </ClInclude>
    <ClInclude Include="..\..\..\addons\ofxPDSP-master\src\math\simd\kernels\kernel_tanB.h">
      <Filter>addons\ofxPDSP-master\src\math\simd\kernels</Filter>
    </ClInclude>
    <ClInclude Include="..\..\..\addons\ofxPDSP-master\src\math\simd\kernels\kernel_Zero.h">
      <Filter>addons\ofxPDSP-master\src\math\simd\kernels</Filter>
    </ClInclude>
    <ClInclude Include="..\..\..\addons\ofxPDSP-master\src\math\simd\vectors\vect_ops.h">
      <Filter>addons\ofxPDSP-master\src\math\simd\vectors</Filter>
    </ClInclude>
    <ClInclude Include="..\..\..\addons\ofxPDSP-master\src\math\simd\vectors\vect_transform.h">
      <Filter>addons\ofxPDSP-master\src\math\simd\vectors</Filter>
    </ClInclude>
    <ClInclude Include="..\..\..\addons\ofxPDSP-master\src\math\tables\blep.h">
      <Filter>addons\ofxPDSP-master\src\math\tables</Filter>
    </ClInclude>
    <ClInclude Include="..\..\..\addons\ofxPDSP-master\src\math\tables\dsp_windows.h">
      <Filter>addons\ofxPDSP-master\src\math\tables</Filter>
    </ClInclude>
    <ClInclude Include="..\..\..\addons\ofxPDSP-master\src\math\trig\fastcos.h">
      <Filter>addons\ofxPDSP-master\src\math\trig</Filter>
    </ClInclude>
    <ClInclude Include="..\..\..\addons\ofxPDSP-master\src\math\trig\fastsin.h">
      <Filter>addons\ofxPDSP-master\src\math\trig</Filter>
    </ClInclude>
    <ClInclude Include="..\..\..\addons\ofxPDSP-master\src\math\trig\fasttan.h">
      <Filter>addons\ofxPDSP-master\src\math\trig</Filter>
    </ClInclude>
    <ClInclude Include="..\..\..\addons\ofxPDSP-master\src\math\trig\fasttanh.h">
      <Filter>addons\ofxPDSP-master\src\math\trig</Filter>
    </ClInclude>
    <ClInclude Include="..\..\..\addons\ofxPDSP-master\src\messages\Clockable.h">
      <Filter>addons\ofxPDSP-master\src\messages</Filter>
    </ClInclude>
    <ClInclude Include="..\..\..\addons\ofxPDSP-master\src\messages\ExtSequencer.h">
      <Filter>addons\ofxPDSP-master\src\messages</Filter>
    </ClInclude>
    <ClInclude Include="..\..\..\addons\ofxPDSP-master\src\messages\header.h">
      <Filter>addons\ofxPDSP-master\src\messages</Filter>
    </ClInclude>
    <ClInclude Include="..\..\..\addons\ofxPDSP-master\src\messages\Message.h">
      <Filter>addons\ofxPDSP-master\src\messages</Filter>
    </ClInclude>
    <ClInclude Include="..\..\..\addons\ofxPDSP-master\src\messages\MessageBuffer.h">
      <Filter>addons\ofxPDSP-master\src\messages</Filter>
    </ClInclude>
    <ClInclude Include="..\..\..\addons\ofxPDSP-master\src\modules\dynamics\Compressor.h">
      <Filter>addons\ofxPDSP-master\src\modules\dynamics</Filter>
    </ClInclude>
    <ClInclude Include="..\..\..\addons\ofxPDSP-master\src\modules\dynamics\Ducker.h">
      <Filter>addons\ofxPDSP-master\src\modules\dynamics</Filter>
    </ClInclude>
    <ClInclude Include="..\..\..\addons\ofxPDSP-master\src\modules\effects\DimensionChorus.h">
      <Filter>addons\ofxPDSP-master\src\modules\effects</Filter>
    </ClInclude>
    <ClInclude Include="..\..\..\addons\ofxPDSP-master\src\modules\equalizers\AAHighShelfEQ.h">
      <Filter>addons\ofxPDSP-master\src\modules\equalizers</Filter>
    </ClInclude>
    <ClInclude Include="..\..\..\addons\ofxPDSP-master\src\modules\equalizers\AALowShelfEQ.h">
      <Filter>addons\ofxPDSP-master\src\modules\equalizers</Filter>
    </ClInclude>
    <ClInclude Include="..\..\..\addons\ofxPDSP-master\src\modules\equalizers\AAPeakEQ.h">
      <Filter>addons\ofxPDSP-master\src\modules\equalizers</Filter>
    </ClInclude>
    <ClInclude Include="..\..\..\addons\ofxPDSP-master\src\modules\equalizers\HighCut.h">
      <Filter>addons\ofxPDSP-master\src\modules\equalizers</Filter>
    </ClInclude>
    <ClInclude Include="..\..\..\addons\ofxPDSP-master\src\modules\equalizers\HighShelfEQ.h">
      <Filter>addons\ofxPDSP-master\src\modules\equalizers</Filter>
    </ClInclude>
    <ClInclude Include="..\..\..\addons\ofxPDSP-master\src\modules\equalizers\LowCut.h">
      <Filter>addons\ofxPDSP-master\src\modules\equalizers</Filter>
    </ClInclude>
    <ClInclude Include="..\..\..\addons\ofxPDSP-master\src\modules\equalizers\LowShelfEQ.h">
      <Filter>addons\ofxPDSP-master\src\modules\equalizers</Filter>
    </ClInclude>
    <ClInclude Include="..\..\..\addons\ofxPDSP-master\src\modules\equalizers\PeakEQ.h">
      <Filter>addons\ofxPDSP-master\src\modules\equalizers</Filter>
    </ClInclude>
    <ClInclude Include="..\..\..\addons\ofxPDSP-master\src\modules\filters\CombFilter.h">
      <Filter>addons\ofxPDSP-master\src\modules\filters</Filter>
    </ClInclude>
    <ClInclude Include="..\..\..\addons\ofxPDSP-master\src\modules\filters\PhaserFilter.h">
      <Filter>addons\ofxPDSP-master\src\modules\filters</Filter>
    </ClInclude>
    <ClInclude Include="..\..\..\addons\ofxPDSP-master\src\modules\filters\SVFilter.h">
      <Filter>addons\ofxPDSP-master\src\modules\filters</Filter>
    </ClInclude>
    <ClInclude Include="..\..\..\addons\ofxPDSP-master\src\modules\filters\VAFilter.h">
      <Filter>addons\ofxPDSP-master\src\modules\filters</Filter>
    </ClInclude>
    <ClInclude Include="..\..\..\addons\ofxPDSP-master\src\modules\header.h">
      <Filter>addons\ofxPDSP-master\src\modules</Filter>
    </ClInclude>
    <ClInclude Include="..\..\..\addons\ofxPDSP-master\src\modules\oscillators\ClockedLFO.h">
      <Filter>addons\ofxPDSP-master\src\modules\oscillators</Filter>
    </ClInclude>
    <ClInclude Include="..\..\..\addons\ofxPDSP-master\src\modules\oscillators\DataOscillator.h">
      <Filter>addons\ofxPDSP-master\src\modules\oscillators</Filter>
    </ClInclude>
    <ClInclude Include="..\..\..\addons\ofxPDSP-master\src\modules\oscillators\FMOperator.h">
      <Filter>addons\ofxPDSP-master\src\modules\oscillators</Filter>
    </ClInclude>
    <ClInclude Include="..\..\..\addons\ofxPDSP-master\src\modules\oscillators\LFO.h">
      <Filter>addons\ofxPDSP-master\src\modules\oscillators</Filter>
    </ClInclude>
    <ClInclude Include="..\..\..\addons\ofxPDSP-master\src\modules\oscillators\TableOscillator.h">
      <Filter>addons\ofxPDSP-master\src\modules\oscillators</Filter>
    </ClInclude>
    <ClInclude Include="..\..\..\addons\ofxPDSP-master\src\modules\oscillators\VAOscillator.h">
      <Filter>addons\ofxPDSP-master\src\modules\oscillators</Filter>
    </ClInclude>
    <ClInclude Include="..\..\..\addons\ofxPDSP-master\src\modules\reverbs\BasiVerb.h">
      <Filter>addons\ofxPDSP-master\src\modules\reverbs</Filter>
    </ClInclude>
    <ClInclude Include="..\..\..\addons\ofxPDSP-master\src\modules\reverbs\IRVerb.h">
      <Filter>addons\ofxPDSP-master\src\modules\reverbs</Filter>
    </ClInclude>
    <ClInclude Include="..\..\..\addons\ofxPDSP-master\src\modules\samplers\GrainCloud.h">
      <Filter>addons\ofxPDSP-master\src\modules\samplers</Filter>
    </ClInclude>
    <ClInclude Include="..\..\..\addons\ofxPDSP-master\src\modules\samplers\TriggeredGrain.h">
      <Filter>addons\ofxPDSP-master\src\modules\samplers</Filter>
    </ClInclude>
    <ClInclude Include="..\..\..\addons\ofxPDSP-master\src\modules\signal\LinearCrossfader.h">
      <Filter>addons\ofxPDSP-master\src\modules\signal</Filter>
    </ClInclude>
    <ClInclude Include="..\..\..\addons\ofxPDSP-master\src\modules\signal\Panner.h">
      <Filter>addons\ofxPDSP-master\src\modules\signal</Filter>
    </ClInclude>
    <ClInclude Include="..\..\..\addons\ofxPDSP-master\src\modules\sources\BitNoise.h">
      <Filter>addons\ofxPDSP-master\src\modules\sources</Filter>
    </ClInclude>
    <ClInclude Include="..\..\..\addons\ofxPDSP-master\src\ofx\ComputerKeyboard.h">
      <Filter>addons\ofxPDSP-master\src\ofx</Filter>
    </ClInclude>
    <ClInclude Include="..\..\..\addons\ofxPDSP-master\src\ofx\Engine.h">
      <Filter>addons\ofxPDSP-master\src\ofx</Filter>
    </ClInclude>
    <ClInclude Include="..\..\..\addons\ofxPDSP-master\src\ofx\helper\Controller.h">
      <Filter>addons\ofxPDSP-master\src\ofx\helper</Filter>
    </ClInclude>
    <ClInclude Include="..\..\..\addons\ofxPDSP-master\src\ofx\helper\MidiCCBuffers.h">
      <Filter>addons\ofxPDSP-master\src\ofx\helper</Filter>
    </ClInclude>
    <ClInclude Include="..\..\..\addons\ofxPDSP-master\src\ofx\helper\MidiKeysBuffers.h">
      <Filter>addons\ofxPDSP-master\src\ofx\helper</Filter>
    </ClInclude>
    <ClInclude Include="..\..\..\addons\ofxPDSP-master\src\ofx\helper\OscParser.h">
      <Filter>addons\ofxPDSP-master\src\ofx\helper</Filter>
    </ClInclude>
    <ClInclude Include="..\..\..\addons\ofxPDSP-master\src\ofx\helper\PositionedMidiMessage.h">
      <Filter>addons\ofxPDSP-master\src\ofx\helper</Filter>
    </ClInclude>
    <ClInclude Include="..\..\..\addons\ofxPDSP-master\src\ofx\Midi.h">
      <Filter>addons\ofxPDSP-master\src\ofx</Filter>
    </ClInclude>
    <ClInclude Include="..\..\..\addons\ofxPDSP-master\src\ofx\MidiControls.h">
      <Filter>addons\ofxPDSP-master\src\ofx</Filter>
    </ClInclude>
    <ClInclude Include="..\..\..\addons\ofxPDSP-master\src\ofx\MidiIn.h">
      <Filter>addons\ofxPDSP-master\src\ofx</Filter>
    </ClInclude>
    <ClInclude Include="..\..\..\addons\ofxPDSP-master\src\ofx\MidiKeys.h">
      <Filter>addons\ofxPDSP-master\src\ofx</Filter>
    </ClInclude>
    <ClInclude Include="..\..\..\addons\ofxPDSP-master\src\ofx\MidiOut.h">
      <Filter>addons\ofxPDSP-master\src\ofx</Filter>
    </ClInclude>
    <ClInclude Include="..\..\..\addons\ofxPDSP-master\src\ofx\MidiPads.h">
      <Filter>addons\ofxPDSP-master\src\ofx</Filter>
    </ClInclude>
    <ClInclude Include="..\..\..\addons\ofxPDSP-master\src\ofx\ofxPDSPFunctions.h">
      <Filter>addons\ofxPDSP-master\src\ofx</Filter>
    </ClInclude>
    <ClInclude Include="..\..\..\addons\ofxPDSP-master\src\ofx\OscInput.h">
      <Filter>addons\ofxPDSP-master\src\ofx</Filter>
    </ClInclude>
    <ClInclude Include="..\..\..\addons\ofxPDSP-master\src\ofx\OscOutput.h">
      <Filter>addons\ofxPDSP-master\src\ofx</Filter>
    </ClInclude>
    <ClInclude Include="..\..\..\addons\ofxPDSP-master\src\ofx\Parameter.h">
      <Filter>addons\ofxPDSP-master\src\ofx</Filter>
    </ClInclude>
    <ClInclude Include="..\..\..\addons\ofxPDSP-master\src\ofx\ParameterAmp.h">
      <Filter>addons\ofxPDSP-master\src\ofx</Filter>
    </ClInclude>
    <ClInclude Include="..\..\..\addons\ofxPDSP-master\src\ofx\ParameterGain.h">
      <Filter>addons\ofxPDSP-master\src\ofx</Filter>
    </ClInclude>
    <ClInclude Include="..\..\..\addons\ofxPDSP-master\src\ofx\SampleBufferPlotter.h">
      <Filter>addons\ofxPDSP-master\src\ofx</Filter>
    </ClInclude>
    <ClInclude Include="..\..\..\addons\ofxPDSP-master\src\ofx\Scope.h">
      <Filter>addons\ofxPDSP-master\src\ofx</Filter>
    </ClInclude>
    <ClInclude Include="..\..\..\addons\ofxPDSP-master\src\ofx\SerialOut.h">
      <Filter>addons\ofxPDSP-master\src\ofx</Filter>
    </ClInclude>
    <ClInclude Include="..\..\..\addons\ofxPDSP-master\src\ofx\Wrapper.h">
      <Filter>addons\ofxPDSP-master\src\ofx</Filter>
    </ClInclude>
    <ClInclude Include="..\..\..\addons\ofxPDSP-master\src\ofxPDSP.h">
      <Filter>addons\ofxPDSP-master\src</Filter>
    </ClInclude>
    <ClInclude Include="..\..\..\addons\ofxPDSP-master\src\ofxPDSPLegacy.h">
      <Filter>addons\ofxPDSP-master\src</Filter>
    </ClInclude>
    <ClInclude Include="..\..\..\addons\ofxPDSP-master\src\sequencer\Function.h">
      <Filter>addons\ofxPDSP-master\src\sequencer</Filter>
    </ClInclude>
    <ClInclude Include="..\..\..\addons\ofxPDSP-master\src\sequencer\header.h">
      <Filter>addons\ofxPDSP-master\src\sequencer</Filter>
    </ClInclude>
    <ClInclude Include="..\..\..\addons\ofxPDSP-master\src\sequencer\Sequence.h">
      <Filter>addons\ofxPDSP-master\src\sequencer</Filter>
    </ClInclude>
    <ClInclude Include="..\..\..\addons\ofxPDSP-master\src\sequencer\SequencerMessage.h">
      <Filter>addons\ofxPDSP-master\src\sequencer</Filter>
    </ClInclude>
    <ClInclude Include="..\..\..\addons\ofxPDSP-master\src\sequencer\SequencerProcessor.h">
      <Filter>addons\ofxPDSP-master\src\sequencer</Filter>
    </ClInclude>
    <ClInclude Include="..\..\..\addons\ofxPDSP-master\src\sequencer\SequencerSection.h">
      <Filter>addons\ofxPDSP-master\src\sequencer</Filter>
    </ClInclude>
    <ClInclude Include="..\..\..\addons\ofxPDSP-master\src\sequencer\stockBehaviors.h">
      <Filter>addons\ofxPDSP-master\src\sequencer</Filter>
    </ClInclude>
    <ClInclude Include="..\..\..\addons\ofxPDSP-master\src\types.h">
      <Filter>addons\ofxPDSP-master\src</Filter>
    </ClInclude>
    <ClInclude Include="..\..\..\addons\ofxPDSP-master\libs\audiofft\AudioFFT.h">
      <Filter>addons\ofxPDSP-master\libs\audiofft</Filter>
    </ClInclude>
    <ClInclude Include="block.h">
      <Filter>src</Filter>
    </ClInclude>
    <ClInclude Include="area.h">
      <Filter>src</Filter>
    </ClInclude>
    <ClInclude Include="grid.h">
      <Filter>src</Filter>
    </ClInclude>
    <ClInclude Include="interface.h" />
  </ItemGroup>
  <ItemGroup>
    <ResourceCompile Include="icon.rc" />
  </ItemGroup>
</Project>